// !$*UTF8*$!
{
	archiveVersion = 1;
	classes = {
	};
	objectVersion = 56;
	objects = {

/* Begin PBXBuildFile section */
		C3000000000000000000B101 /* HerdrRuntimeTests.swift in Sources */ = {isa = PBXBuildFile; fileRef = C3000000000000000000B102 /* HerdrRuntimeTests.swift */; };
		A1000000000000000000B103 /* HerdrSetupView.swift in Sources */ = {isa = PBXBuildFile; fileRef = A1000000000000000000B104 /* HerdrSetupView.swift */; };
		A1000000000000000000B101 /* HerdrRuntime.swift in Sources */ = {isa = PBXBuildFile; fileRef = A1000000000000000000B102 /* HerdrRuntime.swift */; };
		C3000000000000000000B001 /* ImagePreviewTests.swift in Sources */ = {isa = PBXBuildFile; fileRef = C3000000000000000000B002 /* ImagePreviewTests.swift */; };
		A1000000000000000000B001 /* ImagePreviewView.swift in Sources */ = {isa = PBXBuildFile; fileRef = A1000000000000000000B002 /* ImagePreviewView.swift */; };
		C3000000000000000000AF01 /* WorkspaceSessionPersistenceTests.swift in Sources */ = {isa = PBXBuildFile; fileRef = C3000000000000000000AF02 /* WorkspaceSessionPersistenceTests.swift */; };
		A1000000000000000000AF01 /* WorkspaceSessionPersistence.swift in Sources */ = {isa = PBXBuildFile; fileRef = A1000000000000000000AF02 /* WorkspaceSessionPersistence.swift */; };
		C3000000000000000000AE01 /* PDFPreviewTests.swift in Sources */ = {isa = PBXBuildFile; fileRef = C3000000000000000000AE02 /* PDFPreviewTests.swift */; };
		A1000000000000000000AE01 /* PDFPreviewView.swift in Sources */ = {isa = PBXBuildFile; fileRef = A1000000000000000000AE02 /* PDFPreviewView.swift */; };
		A10000000000000000000001 /* WoolooApp.swift in Sources */ = {isa = PBXBuildFile; fileRef = A10000000000000000000003 /* WoolooApp.swift */; };
		A10000000000000000000002 /* ContentView.swift in Sources */ = {isa = PBXBuildFile; fileRef = A10000000000000000000004 /* ContentView.swift */; };
		C30000000000000000000062 /* ContentCommands.swift in Sources */ = {isa = PBXBuildFile; fileRef = C30000000000000000000063 /* ContentCommands.swift */; };
		C30000000000000000000066 /* WorkspaceExplorerModel.swift in Sources */ = {isa = PBXBuildFile; fileRef = C30000000000000000000067 /* WorkspaceExplorerModel.swift */; };
		C40000000000000000000001 /* WorkspaceFileWatcher.swift in Sources */ = {isa = PBXBuildFile; fileRef = C40000000000000000000002 /* WorkspaceFileWatcher.swift */; };
		C30000000000000000000070 /* HerdrSettingsModel.swift in Sources */ = {isa = PBXBuildFile; fileRef = C30000000000000000000071 /* HerdrSettingsModel.swift */; };
		A10000000000000000000014 /* HerdrConnection.swift in Sources */ = {isa = PBXBuildFile; fileRef = A10000000000000000000015 /* HerdrConnection.swift */; };
		A10000000000000000000016 /* TerminalPaneView.swift in Sources */ = {isa = PBXBuildFile; fileRef = A10000000000000000000017 /* TerminalPaneView.swift */; };
		A10000000000000000000018 /* HerdrSurface.swift in Sources */ = {isa = PBXBuildFile; fileRef = A10000000000000000000019 /* HerdrSurface.swift */; };
		A1D200000000000000000100 /* DisplayColumns.swift in Sources */ = {isa = PBXBuildFile; fileRef = A1D200000000000000000101 /* DisplayColumns.swift */; };
		A1D200000000000000000202 /* HerdrTitleTables.swift in Sources */ = {isa = PBXBuildFile; fileRef = A1D200000000000000000203 /* HerdrTitleTables.swift */; };
		A1D200000000000000000200 /* HerdrTitle.swift in Sources */ = {isa = PBXBuildFile; fileRef = A1D200000000000000000201 /* HerdrTitle.swift */; };
		A1000000000000000000AC01 /* HerdrAgentView.swift in Sources */ = {isa = PBXBuildFile; fileRef = A1000000000000000000AC02 /* HerdrAgentView.swift */; };
		A10000000000000000000020 /* HerdrConfig.swift in Sources */ = {isa = PBXBuildFile; fileRef = A10000000000000000000021 /* HerdrConfig.swift */; };
		A10000000000000000000022 /* HerdrSettingsView.swift in Sources */ = {isa = PBXBuildFile; fileRef = A10000000000000000000023 /* HerdrSettingsView.swift */; };
		A10000000000000000000024 /* HerdrShortcuts.swift in Sources */ = {isa = PBXBuildFile; fileRef = A10000000000000000000025 /* HerdrShortcuts.swift */; };
		A10000000000000000000026 /* WorkspaceFiles.swift in Sources */ = {isa = PBXBuildFile; fileRef = A10000000000000000000027 /* WorkspaceFiles.swift */; };
		A10000000000000000000028 /* WorkspaceBrowserView.swift in Sources */ = {isa = PBXBuildFile; fileRef = A10000000000000000000029 /* WorkspaceBrowserView.swift */; };
		A10000000000000000000030 /* WorkspaceDocumentView.swift in Sources */ = {isa = PBXBuildFile; fileRef = A10000000000000000000031 /* WorkspaceDocumentView.swift */; };
		A10000000000000000000038 /* WorkspaceRepositoryView.swift in Sources */ = {isa = PBXBuildFile; fileRef = A10000000000000000000039 /* WorkspaceRepositoryView.swift */; };
		A10000000000000000000050 /* MarkdownPreviewView.swift in Sources */ = {isa = PBXBuildFile; fileRef = A10000000000000000000051 /* MarkdownPreviewView.swift */; };
		A10000000000000000000048 /* ThemeSettingsView.swift in Sources */ = {isa = PBXBuildFile; fileRef = A10000000000000000000049 /* ThemeSettingsView.swift */; };
		A10000000000000000000046 /* WoolooTheme.swift in Sources */ = {isa = PBXBuildFile; fileRef = A10000000000000000000047 /* WoolooTheme.swift */; };
		A10000000000000000000044 /* WorkspaceSearchView.swift in Sources */ = {isa = PBXBuildFile; fileRef = A10000000000000000000045 /* WorkspaceSearchView.swift */; };
		A10000000000000000000052 /* WorkspaceGitBar.swift in Sources */ = {isa = PBXBuildFile; fileRef = A10000000000000000000053 /* WorkspaceGitBar.swift */; };
		A1000000000000000000B106 /* WorkspaceBranchPicker.swift in Sources */ = {isa = PBXBuildFile; fileRef = A1000000000000000000B107 /* WorkspaceBranchPicker.swift */; };
		C3000000000000000000005A /* WorkspaceExplorerTree.swift in Sources */ = {isa = PBXBuildFile; fileRef = C3000000000000000000005B /* WorkspaceExplorerTree.swift */; };
		C30000000000000000000054 /* WorkspaceDocumentStore.swift in Sources */ = {isa = PBXBuildFile; fileRef = C30000000000000000000055 /* WorkspaceDocumentStore.swift */; };
		A10000000000000000000054 /* HerdrNotifications.swift in Sources */ = {isa = PBXBuildFile; fileRef = A10000000000000000000055 /* HerdrNotifications.swift */; };
		A10000000000000000000056 /* WoolooTypography.swift in Sources */ = {isa = PBXBuildFile; fileRef = A10000000000000000000057 /* WoolooTypography.swift */; };
		A10000000000000000000058 /* WorkspaceDiffView.swift in Sources */ = {isa = PBXBuildFile; fileRef = A10000000000000000000059 /* WorkspaceDiffView.swift */; };
		A100000000000000000000E0 /* EditorLineChanges.swift in Sources */ = {isa = PBXBuildFile; fileRef = A100000000000000000000E1 /* EditorLineChanges.swift */; };
		A100000000000000000000F0 /* EditorMultiCursor.swift in Sources */ = {isa = PBXBuildFile; fileRef = A100000000000000000000F1 /* EditorMultiCursor.swift */; };
		A1000000000000000000005A /* DocumentFind.swift in Sources */ = {isa = PBXBuildFile; fileRef = A1000000000000000000005B /* DocumentFind.swift */; };
		A10000000000000000000042 /* WorkspaceSearch.swift in Sources */ = {isa = PBXBuildFile; fileRef = A10000000000000000000043 /* WorkspaceSearch.swift */; };
		A1000000000000000000005C /* HostStats.swift in Sources */ = {isa = PBXBuildFile; fileRef = A1000000000000000000005D /* HostStats.swift */; };
		A1000000000000000000C201 /* BlockingWork.swift in Sources */ = {isa = PBXBuildFile; fileRef = A1000000000000000000C202 /* BlockingWork.swift */; };
		A1000000000000000000005E /* HostStatsView.swift in Sources */ = {isa = PBXBuildFile; fileRef = A1000000000000000000005F /* HostStatsView.swift */; };
		A1D000000000000000000101 /* RemoteAccessView.swift in Sources */ = {isa = PBXBuildFile; fileRef = A1D100000000000000000101 /* RemoteAccessView.swift */; };
		A1000000000000000000C001 /* AppUpdater.swift in Sources */ = {isa = PBXBuildFile; fileRef = A1000000000000000000C002 /* AppUpdater.swift */; };
		A1000000000000000000C003 /* Sparkle in Frameworks */ = {isa = PBXBuildFile; productRef = A1000000000000000000C005 /* Sparkle */; };
		A1D000000000000000000100 /* RemoteAccess.swift in Sources */ = {isa = PBXBuildFile; fileRef = A1D100000000000000000100 /* RemoteAccess.swift */; };
		A10000000000000000000F01 /* AgentQuota.swift in Sources */ = {isa = PBXBuildFile; fileRef = A10000000000000000000F02 /* AgentQuota.swift */; };
		A10000000000000000000F03 /* AgentQuotaView.swift in Sources */ = {isa = PBXBuildFile; fileRef = A10000000000000000000F04 /* AgentQuotaView.swift */; };
		C30000000000000000000F05 /* AgentQuotaTests.swift in Sources */ = {isa = PBXBuildFile; fileRef = C30000000000000000000F06 /* AgentQuotaTests.swift */; };
		A10000000000000000000F05 /* QuickOpen.swift in Sources */ = {isa = PBXBuildFile; fileRef = A10000000000000000000F06 /* QuickOpen.swift */; };
		A10000000000000000000F07 /* QuickOpenView.swift in Sources */ = {isa = PBXBuildFile; fileRef = A10000000000000000000F08 /* QuickOpenView.swift */; };
		A1000000000000000000AB01 /* TabBarControls.swift in Sources */ = {isa = PBXBuildFile; fileRef = A1000000000000000000AB02 /* TabBarControls.swift */; };
		A1000000000000000000AB03 /* TerminalTabDrop.swift in Sources */ = {isa = PBXBuildFile; fileRef = A1000000000000000000AB04 /* TerminalTabDrop.swift */; };
		A1000000000000000000AB05 /* ContentPanels.swift in Sources */ = {isa = PBXBuildFile; fileRef = A1000000000000000000AB06 /* ContentPanels.swift */; };
		C30000000000000000000F09 /* QuickOpenTests.swift in Sources */ = {isa = PBXBuildFile; fileRef = C30000000000000000000F0A /* QuickOpenTests.swift */; };
		C3000000000000000000B201 /* BlockingWorkTests.swift in Sources */ = {isa = PBXBuildFile; fileRef = C3000000000000000000B202 /* BlockingWorkTests.swift */; };
		A10000000000000000000F0B /* CommandPalette.swift in Sources */ = {isa = PBXBuildFile; fileRef = A10000000000000000000F0C /* CommandPalette.swift */; };
		A10000000000000000000F0D /* CommandPaletteView.swift in Sources */ = {isa = PBXBuildFile; fileRef = A10000000000000000000F0E /* CommandPaletteView.swift */; };
		C30000000000000000000F0F /* CommandPaletteTests.swift in Sources */ = {isa = PBXBuildFile; fileRef = C30000000000000000000F10 /* CommandPaletteTests.swift */; };
		C30000000000000000000060 /* HostStatsTests.swift in Sources */ = {isa = PBXBuildFile; fileRef = C30000000000000000000061 /* HostStatsTests.swift */; };
		C3D000000000000000000100 /* RemoteAccessTests.swift in Sources */ = {isa = PBXBuildFile; fileRef = C3D100000000000000000100 /* RemoteAccessTests.swift */; };
		C30000000000000000000064 /* ContentCommandsTests.swift in Sources */ = {isa = PBXBuildFile; fileRef = C30000000000000000000065 /* ContentCommandsTests.swift */; };
		C30000000000000000000068 /* WorkspaceExplorerModelTests.swift in Sources */ = {isa = PBXBuildFile; fileRef = C30000000000000000000069 /* WorkspaceExplorerModelTests.swift */; };
		C30000000000000000000072 /* HerdrSettingsModelTests.swift in Sources */ = {isa = PBXBuildFile; fileRef = C30000000000000000000073 /* HerdrSettingsModelTests.swift */; };
		C30000000000000000000074 /* EditorFindHighlightTests.swift in Sources */ = {isa = PBXBuildFile; fileRef = C30000000000000000000075 /* EditorFindHighlightTests.swift */; };
		C30000000000000000000001 /* THIRD_PARTY_NOTICES.txt in Resources */ = {isa = PBXBuildFile; fileRef = C30000000000000000000002 /* THIRD_PARTY_NOTICES.txt */; };
		A10000000000000000000040 /* Assets.xcassets in Resources */ = {isa = PBXBuildFile; fileRef = A10000000000000000000041 /* Assets.xcassets */; };
		A10000000000000000000032 /* CodeEditSourceEditor in Frameworks */ = {isa = PBXBuildFile; productRef = A10000000000000000000034 /* CodeEditSourceEditor */; };
		A10000000000000000000035 /* CodeEditLanguages in Frameworks */ = {isa = PBXBuildFile; productRef = A10000000000000000000037 /* CodeEditLanguages */; };
		A1000000000000000000004D /* BeautifulMermaid in Frameworks */ = {isa = PBXBuildFile; productRef = A1000000000000000000004F /* BeautifulMermaid */; };
		A1000000000000000000004A /* MarkdownView in Frameworks */ = {isa = PBXBuildFile; productRef = A1000000000000000000004C /* MarkdownView */; };
		B20000000000000000000001 /* TerminalPipelineMetrics.swift in Sources */ = {isa = PBXBuildFile; fileRef = B20000000000000000000002 /* TerminalPipelineMetrics.swift */; };
		B20000000000000000000020 /* SurfaceFixtures.swift in Sources */ = {isa = PBXBuildFile; fileRef = B20000000000000000000010 /* SurfaceFixtures.swift */; };
		B20000000000000000000021 /* ReferenceSurfaceDecoder.swift in Sources */ = {isa = PBXBuildFile; fileRef = B20000000000000000000011 /* ReferenceSurfaceDecoder.swift */; };
		B20000000000000000000022 /* SurfaceDecodingTests.swift in Sources */ = {isa = PBXBuildFile; fileRef = B20000000000000000000012 /* SurfaceDecodingTests.swift */; };
		B20000000000000000000023 /* TerminalRenderHarness.swift in Sources */ = {isa = PBXBuildFile; fileRef = B20000000000000000000013 /* TerminalRenderHarness.swift */; };
		B20000000000000000000024 /* TerminalRenderingTests.swift in Sources */ = {isa = PBXBuildFile; fileRef = B20000000000000000000014 /* TerminalRenderingTests.swift */; };
		B20000000000000000000025 /* TerminalPipelineBenchmarks.swift in Sources */ = {isa = PBXBuildFile; fileRef = B20000000000000000000015 /* TerminalPipelineBenchmarks.swift */; };
		B20000000000000000000026 /* WorkspaceFilesBenchmarks.swift in Sources */ = {isa = PBXBuildFile; fileRef = B20000000000000000000016 /* WorkspaceFilesBenchmarks.swift */; };
		B20000000000000000000027 /* SharedLoadsTests.swift in Sources */ = {isa = PBXBuildFile; fileRef = B20000000000000000000017 /* SharedLoadsTests.swift */; };
		C30000000000000000000010 /* WorkspaceGitParsingTests.swift in Sources */ = {isa = PBXBuildFile; fileRef = C30000000000000000000011 /* WorkspaceGitParsingTests.swift */; };
		C30000000000000000000012 /* HerdrConfigDocumentTests.swift in Sources */ = {isa = PBXBuildFile; fileRef = C30000000000000000000013 /* HerdrConfigDocumentTests.swift */; };
		C30000000000000000000014 /* HerdrShortcutsTests.swift in Sources */ = {isa = PBXBuildFile; fileRef = C30000000000000000000015 /* HerdrShortcutsTests.swift */; };
		C30000000000000000000016 /* ParsedDiffTests.swift in Sources */ = {isa = PBXBuildFile; fileRef = C30000000000000000000017 /* ParsedDiffTests.swift */; };
		C30000000000000000000018 /* WorkspaceSearchTests.swift in Sources */ = {isa = PBXBuildFile; fileRef = C30000000000000000000019 /* WorkspaceSearchTests.swift */; };
		C3000000000000000000001A /* HerdrSnapshotTests.swift in Sources */ = {isa = PBXBuildFile; fileRef = C3000000000000000000001B /* HerdrSnapshotTests.swift */; };
		C30000000000000000000020 /* WorkspaceGitSandbox.swift in Sources */ = {isa = PBXBuildFile; fileRef = C30000000000000000000021 /* WorkspaceGitSandbox.swift */; };
		C30000000000000000000022 /* WorkspaceFilesIntegrationTests.swift in Sources */ = {isa = PBXBuildFile; fileRef = C30000000000000000000023 /* WorkspaceFilesIntegrationTests.swift */; };
		C30000000000000000000024 /* WorkspaceSearchIntegrationTests.swift in Sources */ = {isa = PBXBuildFile; fileRef = C30000000000000000000025 /* WorkspaceSearchIntegrationTests.swift */; };
		C30000000000000000000030 /* FakeHerdrServer.swift in Sources */ = {isa = PBXBuildFile; fileRef = C30000000000000000000031 /* FakeHerdrServer.swift */; };
		C30000000000000000000032 /* HerdrSocketTests.swift in Sources */ = {isa = PBXBuildFile; fileRef = C30000000000000000000033 /* HerdrSocketTests.swift */; };
		C30000000000000000000034 /* WorkspaceFilesRemoteTests.swift in Sources */ = {isa = PBXBuildFile; fileRef = C30000000000000000000035 /* WorkspaceFilesRemoteTests.swift */; };
		C30000000000000000000040 /* WorkspaceTreeTests.swift in Sources */ = {isa = PBXBuildFile; fileRef = C30000000000000000000041 /* WorkspaceTreeTests.swift */; };
		C300000000000000000000E2 /* EditorLineChangesTests.swift in Sources */ = {isa = PBXBuildFile; fileRef = C300000000000000000000E3 /* EditorLineChangesTests.swift */; };
		C300000000000000000000F2 /* EditorMultiCursorTests.swift in Sources */ = {isa = PBXBuildFile; fileRef = C300000000000000000000F3 /* EditorMultiCursorTests.swift */; };
		C30000000000000000000042 /* DocumentFindTests.swift in Sources */ = {isa = PBXBuildFile; fileRef = C30000000000000000000043 /* DocumentFindTests.swift */; };
		C30000000000000000000044 /* HerdrSurfaceStreamTests.swift in Sources */ = {isa = PBXBuildFile; fileRef = C30000000000000000000045 /* HerdrSurfaceStreamTests.swift */; };
		C3000000000000000000AC01 /* HerdrAgentViewTests.swift in Sources */ = {isa = PBXBuildFile; fileRef = C3000000000000000000AC02 /* HerdrAgentViewTests.swift */; };
		C30000000000000000000046 /* HerdrNotificationTests.swift in Sources */ = {isa = PBXBuildFile; fileRef = C30000000000000000000047 /* HerdrNotificationTests.swift */; };
		C30000000000000000000048 /* HerdrStoreTests.swift in Sources */ = {isa = PBXBuildFile; fileRef = C30000000000000000000049 /* HerdrStoreTests.swift */; };
		C300000000000000000000F0 /* TerminalTabDropTests.swift in Sources */ = {isa = PBXBuildFile; fileRef = C300000000000000000000F1 /* TerminalTabDropTests.swift */; };
		C300000000000000000000F4 /* ContentPanelsTests.swift in Sources */ = {isa = PBXBuildFile; fileRef = C300000000000000000000F5 /* ContentPanelsTests.swift */; };
		C3000000000000000000005E /* ViewSnapshotTests.swift in Sources */ = {isa = PBXBuildFile; fileRef = C3000000000000000000005F /* ViewSnapshotTests.swift */; };
		C3000000000000000000005C /* WorkspaceExplorerTreeTests.swift in Sources */ = {isa = PBXBuildFile; fileRef = C3000000000000000000005D /* WorkspaceExplorerTreeTests.swift */; };
		C30000000000000000000058 /* TerminalInputTests.swift in Sources */ = {isa = PBXBuildFile; fileRef = C30000000000000000000059 /* TerminalInputTests.swift */; };
		C30000000000000000000056 /* WorkspaceDocumentStoreTests.swift in Sources */ = {isa = PBXBuildFile; fileRef = C30000000000000000000057 /* WorkspaceDocumentStoreTests.swift */; };
		C30000000000000000000052 /* WorkspaceRepositoryModelTests.swift in Sources */ = {isa = PBXBuildFile; fileRef = C30000000000000000000053 /* WorkspaceRepositoryModelTests.swift */; };
		C30000000000000000000050 /* WorkspaceGitBarTests.swift in Sources */ = {isa = PBXBuildFile; fileRef = C30000000000000000000051 /* WorkspaceGitBarTests.swift */; };
		C3000000000000000000004E /* DiffHighlighterTests.swift in Sources */ = {isa = PBXBuildFile; fileRef = C3000000000000000000004F /* DiffHighlighterTests.swift */; };
		C3000000000000000000004C /* WorkspaceSearchModelTests.swift in Sources */ = {isa = PBXBuildFile; fileRef = C3000000000000000000004D /* WorkspaceSearchModelTests.swift */; };
		C3000000000000000000004A /* SurfaceLayersTests.swift in Sources */ = {isa = PBXBuildFile; fileRef = C3000000000000000000004B /* SurfaceLayersTests.swift */; };
		A1000000000000000000AD01 /* NotebookDocument.swift in Sources */ = {isa = PBXBuildFile; fileRef = A1000000000000000000AD02 /* NotebookDocument.swift */; };
		A1000000000000000000AD03 /* NotebookPreviewView.swift in Sources */ = {isa = PBXBuildFile; fileRef = A1000000000000000000AD04 /* NotebookPreviewView.swift */; };
		C3000000000000000000AD01 /* NotebookTests.swift in Sources */ = {isa = PBXBuildFile; fileRef = C3000000000000000000AD02 /* NotebookTests.swift */; };
		A1000000000000000000AD05 /* NotebookAssets in Resources */ = {isa = PBXBuildFile; fileRef = A1000000000000000000AD06 /* NotebookAssets */; };
		A1000000000000000000AD07 /* NotebookPreview in Resources */ = {isa = PBXBuildFile; fileRef = A1000000000000000000AD08 /* NotebookPreview */; };
/* End PBXBuildFile section */

/* Begin PBXContainerItemProxy section */
		B20000000000000000000036 /* PBXContainerItemProxy */ = {
			isa = PBXContainerItemProxy;
			containerPortal = A1000000000000000000000E /* Project object */;
			proxyType = 1;
			remoteGlobalIDString = A10000000000000000000009;
			remoteInfo = wooloo;
		};
/* End PBXContainerItemProxy section */

/* Begin PBXFileReference section */
		C3000000000000000000B102 /* HerdrRuntimeTests.swift */ = {isa = PBXFileReference; lastKnownFileType = sourcecode.swift; path = HerdrRuntimeTests.swift; sourceTree = "<group>"; };
		A1000000000000000000B104 /* HerdrSetupView.swift */ = {isa = PBXFileReference; lastKnownFileType = sourcecode.swift; path = HerdrSetupView.swift; sourceTree = "<group>"; };
		A1000000000000000000B102 /* HerdrRuntime.swift */ = {isa = PBXFileReference; lastKnownFileType = sourcecode.swift; path = HerdrRuntime.swift; sourceTree = "<group>"; };
		C3000000000000000000B002 /* ImagePreviewTests.swift */ = {isa = PBXFileReference; lastKnownFileType = sourcecode.swift; path = ImagePreviewTests.swift; sourceTree = "<group>"; };
		A1000000000000000000B002 /* ImagePreviewView.swift */ = {isa = PBXFileReference; lastKnownFileType = sourcecode.swift; path = ImagePreviewView.swift; sourceTree = "<group>"; };
		C3000000000000000000AF02 /* WorkspaceSessionPersistenceTests.swift */ = {isa = PBXFileReference; lastKnownFileType = sourcecode.swift; path = WorkspaceSessionPersistenceTests.swift; sourceTree = "<group>"; };
		A1000000000000000000AF02 /* WorkspaceSessionPersistence.swift */ = {isa = PBXFileReference; lastKnownFileType = sourcecode.swift; path = WorkspaceSessionPersistence.swift; sourceTree = "<group>"; };
		C3000000000000000000AE02 /* PDFPreviewTests.swift */ = {isa = PBXFileReference; lastKnownFileType = sourcecode.swift; path = PDFPreviewTests.swift; sourceTree = "<group>"; };
		A1000000000000000000AE02 /* PDFPreviewView.swift */ = {isa = PBXFileReference; lastKnownFileType = sourcecode.swift; path = PDFPreviewView.swift; sourceTree = "<group>"; };
		A10000000000000000000003 /* WoolooApp.swift */ = {isa = PBXFileReference; lastKnownFileType = sourcecode.swift; path = WoolooApp.swift; sourceTree = "<group>"; };
		A10000000000000000000004 /* ContentView.swift */ = {isa = PBXFileReference; lastKnownFileType = sourcecode.swift; path = ContentView.swift; sourceTree = "<group>"; };
		C30000000000000000000063 /* ContentCommands.swift */ = {isa = PBXFileReference; lastKnownFileType = sourcecode.swift; path = ContentCommands.swift; sourceTree = "<group>"; };
		C30000000000000000000067 /* WorkspaceExplorerModel.swift */ = {isa = PBXFileReference; lastKnownFileType = sourcecode.swift; path = WorkspaceExplorerModel.swift; sourceTree = "<group>"; };
		C40000000000000000000002 /* WorkspaceFileWatcher.swift */ = {isa = PBXFileReference; lastKnownFileType = sourcecode.swift; path = WorkspaceFileWatcher.swift; sourceTree = "<group>"; };
		C30000000000000000000071 /* HerdrSettingsModel.swift */ = {isa = PBXFileReference; lastKnownFileType = sourcecode.swift; path = HerdrSettingsModel.swift; sourceTree = "<group>"; };
		A10000000000000000000015 /* HerdrConnection.swift */ = {isa = PBXFileReference; lastKnownFileType = sourcecode.swift; path = HerdrConnection.swift; sourceTree = "<group>"; };
		A10000000000000000000017 /* TerminalPaneView.swift */ = {isa = PBXFileReference; lastKnownFileType = sourcecode.swift; path = TerminalPaneView.swift; sourceTree = "<group>"; };
		A10000000000000000000019 /* HerdrSurface.swift */ = {isa = PBXFileReference; lastKnownFileType = sourcecode.swift; path = HerdrSurface.swift; sourceTree = "<group>"; };
		A1D200000000000000000101 /* DisplayColumns.swift */ = {isa = PBXFileReference; lastKnownFileType = sourcecode.swift; path = DisplayColumns.swift; sourceTree = "<group>"; };
		A1D200000000000000000203 /* HerdrTitleTables.swift */ = {isa = PBXFileReference; lastKnownFileType = sourcecode.swift; path = HerdrTitleTables.swift; sourceTree = "<group>"; };
		A1D200000000000000000201 /* HerdrTitle.swift */ = {isa = PBXFileReference; lastKnownFileType = sourcecode.swift; path = HerdrTitle.swift; sourceTree = "<group>"; };
		A1000000000000000000AC02 /* HerdrAgentView.swift */ = {isa = PBXFileReference; lastKnownFileType = sourcecode.swift; path = HerdrAgentView.swift; sourceTree = "<group>"; };
		A10000000000000000000021 /* HerdrConfig.swift */ = {isa = PBXFileReference; lastKnownFileType = sourcecode.swift; path = HerdrConfig.swift; sourceTree = "<group>"; };
		A10000000000000000000023 /* HerdrSettingsView.swift */ = {isa = PBXFileReference; lastKnownFileType = sourcecode.swift; path = HerdrSettingsView.swift; sourceTree = "<group>"; };
		A10000000000000000000025 /* HerdrShortcuts.swift */ = {isa = PBXFileReference; lastKnownFileType = sourcecode.swift; path = HerdrShortcuts.swift; sourceTree = "<group>"; };
		A10000000000000000000027 /* WorkspaceFiles.swift */ = {isa = PBXFileReference; lastKnownFileType = sourcecode.swift; path = WorkspaceFiles.swift; sourceTree = "<group>"; };
		A10000000000000000000029 /* WorkspaceBrowserView.swift */ = {isa = PBXFileReference; lastKnownFileType = sourcecode.swift; path = WorkspaceBrowserView.swift; sourceTree = "<group>"; };
		A10000000000000000000031 /* WorkspaceDocumentView.swift */ = {isa = PBXFileReference; lastKnownFileType = sourcecode.swift; path = WorkspaceDocumentView.swift; sourceTree = "<group>"; };
		A10000000000000000000039 /* WorkspaceRepositoryView.swift */ = {isa = PBXFileReference; lastKnownFileType = sourcecode.swift; path = WorkspaceRepositoryView.swift; sourceTree = "<group>"; };
		A10000000000000000000051 /* MarkdownPreviewView.swift */ = {isa = PBXFileReference; lastKnownFileType = sourcecode.swift; path = MarkdownPreviewView.swift; sourceTree = "<group>"; };
		A10000000000000000000049 /* ThemeSettingsView.swift */ = {isa = PBXFileReference; lastKnownFileType = sourcecode.swift; path = ThemeSettingsView.swift; sourceTree = "<group>"; };
		A10000000000000000000047 /* WoolooTheme.swift */ = {isa = PBXFileReference; lastKnownFileType = sourcecode.swift; path = WoolooTheme.swift; sourceTree = "<group>"; };
		A10000000000000000000045 /* WorkspaceSearchView.swift */ = {isa = PBXFileReference; lastKnownFileType = sourcecode.swift; path = WorkspaceSearchView.swift; sourceTree = "<group>"; };
		A10000000000000000000053 /* WorkspaceGitBar.swift */ = {isa = PBXFileReference; lastKnownFileType = sourcecode.swift; path = WorkspaceGitBar.swift; sourceTree = "<group>"; };
		A1000000000000000000B107 /* WorkspaceBranchPicker.swift */ = {isa = PBXFileReference; lastKnownFileType = sourcecode.swift; path = WorkspaceBranchPicker.swift; sourceTree = "<group>"; };
		C3000000000000000000005B /* WorkspaceExplorerTree.swift */ = {isa = PBXFileReference; lastKnownFileType = sourcecode.swift; path = WorkspaceExplorerTree.swift; sourceTree = "<group>"; };
		C30000000000000000000055 /* WorkspaceDocumentStore.swift */ = {isa = PBXFileReference; lastKnownFileType = sourcecode.swift; path = WorkspaceDocumentStore.swift; sourceTree = "<group>"; };
		A10000000000000000000055 /* HerdrNotifications.swift */ = {isa = PBXFileReference; lastKnownFileType = sourcecode.swift; path = HerdrNotifications.swift; sourceTree = "<group>"; };
		A10000000000000000000057 /* WoolooTypography.swift */ = {isa = PBXFileReference; lastKnownFileType = sourcecode.swift; path = WoolooTypography.swift; sourceTree = "<group>"; };
		A10000000000000000000059 /* WorkspaceDiffView.swift */ = {isa = PBXFileReference; lastKnownFileType = sourcecode.swift; path = WorkspaceDiffView.swift; sourceTree = "<group>"; };
		A100000000000000000000E1 /* EditorLineChanges.swift */ = {isa = PBXFileReference; lastKnownFileType = sourcecode.swift; path = EditorLineChanges.swift; sourceTree = "<group>"; };
		A100000000000000000000F1 /* EditorMultiCursor.swift */ = {isa = PBXFileReference; lastKnownFileType = sourcecode.swift; path = EditorMultiCursor.swift; sourceTree = "<group>"; };
		A1000000000000000000005B /* DocumentFind.swift */ = {isa = PBXFileReference; lastKnownFileType = sourcecode.swift; path = DocumentFind.swift; sourceTree = "<group>"; };
		A10000000000000000000043 /* WorkspaceSearch.swift */ = {isa = PBXFileReference; lastKnownFileType = sourcecode.swift; path = WorkspaceSearch.swift; sourceTree = "<group>"; };
		A1000000000000000000005D /* HostStats.swift */ = {isa = PBXFileReference; lastKnownFileType = sourcecode.swift; path = HostStats.swift; sourceTree = "<group>"; };
		A1000000000000000000C202 /* BlockingWork.swift */ = {isa = PBXFileReference; lastKnownFileType = sourcecode.swift; path = BlockingWork.swift; sourceTree = "<group>"; };
		A1000000000000000000005F /* HostStatsView.swift */ = {isa = PBXFileReference; lastKnownFileType = sourcecode.swift; path = HostStatsView.swift; sourceTree = "<group>"; };
		A1D100000000000000000101 /* RemoteAccessView.swift */ = {isa = PBXFileReference; lastKnownFileType = sourcecode.swift; path = RemoteAccessView.swift; sourceTree = "<group>"; };
		A1000000000000000000C002 /* AppUpdater.swift */ = {isa = PBXFileReference; lastKnownFileType = sourcecode.swift; path = AppUpdater.swift; sourceTree = "<group>"; };
		A1000000000000000000C006 /* Info.plist */ = {isa = PBXFileReference; lastKnownFileType = text.plist.xml; path = Info.plist; sourceTree = "<group>"; };
		A1D100000000000000000100 /* RemoteAccess.swift */ = {isa = PBXFileReference; lastKnownFileType = sourcecode.swift; path = RemoteAccess.swift; sourceTree = "<group>"; };
		A10000000000000000000F02 /* AgentQuota.swift */ = {isa = PBXFileReference; lastKnownFileType = sourcecode.swift; path = AgentQuota.swift; sourceTree = "<group>"; };
		A10000000000000000000F04 /* AgentQuotaView.swift */ = {isa = PBXFileReference; lastKnownFileType = sourcecode.swift; path = AgentQuotaView.swift; sourceTree = "<group>"; };
		C30000000000000000000F06 /* AgentQuotaTests.swift */ = {isa = PBXFileReference; lastKnownFileType = sourcecode.swift; path = AgentQuotaTests.swift; sourceTree = "<group>"; };
		A10000000000000000000F06 /* QuickOpen.swift */ = {isa = PBXFileReference; lastKnownFileType = sourcecode.swift; path = QuickOpen.swift; sourceTree = "<group>"; };
		A10000000000000000000F08 /* QuickOpenView.swift */ = {isa = PBXFileReference; lastKnownFileType = sourcecode.swift; path = QuickOpenView.swift; sourceTree = "<group>"; };
		A1000000000000000000AB02 /* TabBarControls.swift */ = {isa = PBXFileReference; lastKnownFileType = sourcecode.swift; path = TabBarControls.swift; sourceTree = "<group>"; };
		A1000000000000000000AB04 /* TerminalTabDrop.swift */ = {isa = PBXFileReference; lastKnownFileType = sourcecode.swift; path = TerminalTabDrop.swift; sourceTree = "<group>"; };
		A1000000000000000000AB06 /* ContentPanels.swift */ = {isa = PBXFileReference; lastKnownFileType = sourcecode.swift; path = ContentPanels.swift; sourceTree = "<group>"; };
		C30000000000000000000F0A /* QuickOpenTests.swift */ = {isa = PBXFileReference; lastKnownFileType = sourcecode.swift; path = QuickOpenTests.swift; sourceTree = "<group>"; };
		C3000000000000000000B202 /* BlockingWorkTests.swift */ = {isa = PBXFileReference; lastKnownFileType = sourcecode.swift; path = BlockingWorkTests.swift; sourceTree = "<group>"; };
		A10000000000000000000F0C /* CommandPalette.swift */ = {isa = PBXFileReference; lastKnownFileType = sourcecode.swift; path = CommandPalette.swift; sourceTree = "<group>"; };
		A10000000000000000000F0E /* CommandPaletteView.swift */ = {isa = PBXFileReference; lastKnownFileType = sourcecode.swift; path = CommandPaletteView.swift; sourceTree = "<group>"; };
		C30000000000000000000F10 /* CommandPaletteTests.swift */ = {isa = PBXFileReference; lastKnownFileType = sourcecode.swift; path = CommandPaletteTests.swift; sourceTree = "<group>"; };
		C30000000000000000000061 /* HostStatsTests.swift */ = {isa = PBXFileReference; lastKnownFileType = sourcecode.swift; path = HostStatsTests.swift; sourceTree = "<group>"; };
		C3D100000000000000000100 /* RemoteAccessTests.swift */ = {isa = PBXFileReference; lastKnownFileType = sourcecode.swift; path = RemoteAccessTests.swift; sourceTree = "<group>"; };
		C30000000000000000000065 /* ContentCommandsTests.swift */ = {isa = PBXFileReference; lastKnownFileType = sourcecode.swift; path = ContentCommandsTests.swift; sourceTree = "<group>"; };
		C30000000000000000000069 /* WorkspaceExplorerModelTests.swift */ = {isa = PBXFileReference; lastKnownFileType = sourcecode.swift; path = WorkspaceExplorerModelTests.swift; sourceTree = "<group>"; };
		C30000000000000000000073 /* HerdrSettingsModelTests.swift */ = {isa = PBXFileReference; lastKnownFileType = sourcecode.swift; path = HerdrSettingsModelTests.swift; sourceTree = "<group>"; };
		C30000000000000000000075 /* EditorFindHighlightTests.swift */ = {isa = PBXFileReference; lastKnownFileType = sourcecode.swift; path = EditorFindHighlightTests.swift; sourceTree = "<group>"; };
		C30000000000000000000002 /* THIRD_PARTY_NOTICES.txt */ = {isa = PBXFileReference; lastKnownFileType = text; path = THIRD_PARTY_NOTICES.txt; sourceTree = "<group>"; };
		A10000000000000000000041 /* Assets.xcassets */ = {isa = PBXFileReference; lastKnownFileType = folder.assetcatalog; path = Assets.xcassets; sourceTree = "<group>"; };
		A10000000000000000000005 /* wooloo.app */ = {isa = PBXFileReference; explicitFileType = wrapper.application; includeInIndex = 0; path = wooloo.app; sourceTree = BUILT_PRODUCTS_DIR; };
		B20000000000000000000002 /* TerminalPipelineMetrics.swift */ = {isa = PBXFileReference; lastKnownFileType = sourcecode.swift; path = TerminalPipelineMetrics.swift; sourceTree = "<group>"; };
		B20000000000000000000010 /* SurfaceFixtures.swift */ = {isa = PBXFileReference; lastKnownFileType = sourcecode.swift; path = SurfaceFixtures.swift; sourceTree = "<group>"; };
		B20000000000000000000011 /* ReferenceSurfaceDecoder.swift */ = {isa = PBXFileReference; lastKnownFileType = sourcecode.swift; path = ReferenceSurfaceDecoder.swift; sourceTree = "<group>"; };
		B20000000000000000000012 /* SurfaceDecodingTests.swift */ = {isa = PBXFileReference; lastKnownFileType = sourcecode.swift; path = SurfaceDecodingTests.swift; sourceTree = "<group>"; };
		B20000000000000000000013 /* TerminalRenderHarness.swift */ = {isa = PBXFileReference; lastKnownFileType = sourcecode.swift; path = TerminalRenderHarness.swift; sourceTree = "<group>"; };
		B20000000000000000000014 /* TerminalRenderingTests.swift */ = {isa = PBXFileReference; lastKnownFileType = sourcecode.swift; path = TerminalRenderingTests.swift; sourceTree = "<group>"; };
		B20000000000000000000015 /* TerminalPipelineBenchmarks.swift */ = {isa = PBXFileReference; lastKnownFileType = sourcecode.swift; path = TerminalPipelineBenchmarks.swift; sourceTree = "<group>"; };
		B20000000000000000000030 /* woolooTests.xctest */ = {isa = PBXFileReference; explicitFileType = wrapper.cfbundle; includeInIndex = 0; path = woolooTests.xctest; sourceTree = BUILT_PRODUCTS_DIR; };
		B20000000000000000000016 /* WorkspaceFilesBenchmarks.swift */ = {isa = PBXFileReference; lastKnownFileType = sourcecode.swift; path = WorkspaceFilesBenchmarks.swift; sourceTree = "<group>"; };
		B20000000000000000000017 /* SharedLoadsTests.swift */ = {isa = PBXFileReference; lastKnownFileType = sourcecode.swift; path = SharedLoadsTests.swift; sourceTree = "<group>"; };
		C30000000000000000000011 /* WorkspaceGitParsingTests.swift */ = {isa = PBXFileReference; lastKnownFileType = sourcecode.swift; path = WorkspaceGitParsingTests.swift; sourceTree = "<group>"; };
		C30000000000000000000013 /* HerdrConfigDocumentTests.swift */ = {isa = PBXFileReference; lastKnownFileType = sourcecode.swift; path = HerdrConfigDocumentTests.swift; sourceTree = "<group>"; };
		C30000000000000000000015 /* HerdrShortcutsTests.swift */ = {isa = PBXFileReference; lastKnownFileType = sourcecode.swift; path = HerdrShortcutsTests.swift; sourceTree = "<group>"; };
		C30000000000000000000017 /* ParsedDiffTests.swift */ = {isa = PBXFileReference; lastKnownFileType = sourcecode.swift; path = ParsedDiffTests.swift; sourceTree = "<group>"; };
		C30000000000000000000019 /* WorkspaceSearchTests.swift */ = {isa = PBXFileReference; lastKnownFileType = sourcecode.swift; path = WorkspaceSearchTests.swift; sourceTree = "<group>"; };
		C3000000000000000000001B /* HerdrSnapshotTests.swift */ = {isa = PBXFileReference; lastKnownFileType = sourcecode.swift; path = HerdrSnapshotTests.swift; sourceTree = "<group>"; };
		C30000000000000000000021 /* WorkspaceGitSandbox.swift */ = {isa = PBXFileReference; lastKnownFileType = sourcecode.swift; path = WorkspaceGitSandbox.swift; sourceTree = "<group>"; };
		C30000000000000000000023 /* WorkspaceFilesIntegrationTests.swift */ = {isa = PBXFileReference; lastKnownFileType = sourcecode.swift; path = WorkspaceFilesIntegrationTests.swift; sourceTree = "<group>"; };
		C30000000000000000000025 /* WorkspaceSearchIntegrationTests.swift */ = {isa = PBXFileReference; lastKnownFileType = sourcecode.swift; path = WorkspaceSearchIntegrationTests.swift; sourceTree = "<group>"; };
		C30000000000000000000031 /* FakeHerdrServer.swift */ = {isa = PBXFileReference; lastKnownFileType = sourcecode.swift; path = FakeHerdrServer.swift; sourceTree = "<group>"; };
		C30000000000000000000033 /* HerdrSocketTests.swift */ = {isa = PBXFileReference; lastKnownFileType = sourcecode.swift; path = HerdrSocketTests.swift; sourceTree = "<group>"; };
		C30000000000000000000035 /* WorkspaceFilesRemoteTests.swift */ = {isa = PBXFileReference; lastKnownFileType = sourcecode.swift; path = WorkspaceFilesRemoteTests.swift; sourceTree = "<group>"; };
		C30000000000000000000041 /* WorkspaceTreeTests.swift */ = {isa = PBXFileReference; lastKnownFileType = sourcecode.swift; path = WorkspaceTreeTests.swift; sourceTree = "<group>"; };
		C300000000000000000000E3 /* EditorLineChangesTests.swift */ = {isa = PBXFileReference; lastKnownFileType = sourcecode.swift; path = EditorLineChangesTests.swift; sourceTree = "<group>"; };
		C300000000000000000000F3 /* EditorMultiCursorTests.swift */ = {isa = PBXFileReference; lastKnownFileType = sourcecode.swift; path = EditorMultiCursorTests.swift; sourceTree = "<group>"; };
		C30000000000000000000043 /* DocumentFindTests.swift */ = {isa = PBXFileReference; lastKnownFileType = sourcecode.swift; path = DocumentFindTests.swift; sourceTree = "<group>"; };
		C30000000000000000000045 /* HerdrSurfaceStreamTests.swift */ = {isa = PBXFileReference; lastKnownFileType = sourcecode.swift; path = HerdrSurfaceStreamTests.swift; sourceTree = "<group>"; };
		C3000000000000000000AC02 /* HerdrAgentViewTests.swift */ = {isa = PBXFileReference; lastKnownFileType = sourcecode.swift; path = HerdrAgentViewTests.swift; sourceTree = "<group>"; };
		C30000000000000000000047 /* HerdrNotificationTests.swift */ = {isa = PBXFileReference; lastKnownFileType = sourcecode.swift; path = HerdrNotificationTests.swift; sourceTree = "<group>"; };
		C30000000000000000000049 /* HerdrStoreTests.swift */ = {isa = PBXFileReference; lastKnownFileType = sourcecode.swift; path = HerdrStoreTests.swift; sourceTree = "<group>"; };
		C300000000000000000000F1 /* TerminalTabDropTests.swift */ = {isa = PBXFileReference; lastKnownFileType = sourcecode.swift; path = TerminalTabDropTests.swift; sourceTree = "<group>"; };
		C300000000000000000000F5 /* ContentPanelsTests.swift */ = {isa = PBXFileReference; lastKnownFileType = sourcecode.swift; path = ContentPanelsTests.swift; sourceTree = "<group>"; };
		C3000000000000000000005F /* ViewSnapshotTests.swift */ = {isa = PBXFileReference; lastKnownFileType = sourcecode.swift; path = ViewSnapshotTests.swift; sourceTree = "<group>"; };
		C3000000000000000000005D /* WorkspaceExplorerTreeTests.swift */ = {isa = PBXFileReference; lastKnownFileType = sourcecode.swift; path = WorkspaceExplorerTreeTests.swift; sourceTree = "<group>"; };
		C30000000000000000000059 /* TerminalInputTests.swift */ = {isa = PBXFileReference; lastKnownFileType = sourcecode.swift; path = TerminalInputTests.swift; sourceTree = "<group>"; };
		C30000000000000000000057 /* WorkspaceDocumentStoreTests.swift */ = {isa = PBXFileReference; lastKnownFileType = sourcecode.swift; path = WorkspaceDocumentStoreTests.swift; sourceTree = "<group>"; };
		C30000000000000000000053 /* WorkspaceRepositoryModelTests.swift */ = {isa = PBXFileReference; lastKnownFileType = sourcecode.swift; path = WorkspaceRepositoryModelTests.swift; sourceTree = "<group>"; };
		C30000000000000000000051 /* WorkspaceGitBarTests.swift */ = {isa = PBXFileReference; lastKnownFileType = sourcecode.swift; path = WorkspaceGitBarTests.swift; sourceTree = "<group>"; };
		C3000000000000000000004F /* DiffHighlighterTests.swift */ = {isa = PBXFileReference; lastKnownFileType = sourcecode.swift; path = DiffHighlighterTests.swift; sourceTree = "<group>"; };
		C3000000000000000000004D /* WorkspaceSearchModelTests.swift */ = {isa = PBXFileReference; lastKnownFileType = sourcecode.swift; path = WorkspaceSearchModelTests.swift; sourceTree = "<group>"; };
		C3000000000000000000004B /* SurfaceLayersTests.swift */ = {isa = PBXFileReference; lastKnownFileType = sourcecode.swift; path = SurfaceLayersTests.swift; sourceTree = "<group>"; };
		A1000000000000000000AD02 /* NotebookDocument.swift */ = {isa = PBXFileReference; lastKnownFileType = sourcecode.swift; path = NotebookDocument.swift; sourceTree = "<group>"; };
		A1000000000000000000AD04 /* NotebookPreviewView.swift */ = {isa = PBXFileReference; lastKnownFileType = sourcecode.swift; path = NotebookPreviewView.swift; sourceTree = "<group>"; };
		C3000000000000000000AD02 /* NotebookTests.swift */ = {isa = PBXFileReference; lastKnownFileType = sourcecode.swift; path = NotebookTests.swift; sourceTree = "<group>"; };
		A1000000000000000000AD06 /* NotebookAssets */ = {isa = PBXFileReference; lastKnownFileType = folder; path = NotebookAssets; sourceTree = "<group>"; };
		A1000000000000000000AD08 /* NotebookPreview */ = {isa = PBXFileReference; lastKnownFileType = folder; path = Vendor/NotebookPreview; sourceTree = "<group>"; };
/* End PBXFileReference section */

/* Begin PBXGroup section */
		A10000000000000000000006 = {
			isa = PBXGroup;
			children = (
				A10000000000000000000007 /* wooloo */,
				A1000000000000000000AD08 /* NotebookPreview */,
				B20000000000000000000031 /* woolooTests */,
				C30000000000000000000002 /* THIRD_PARTY_NOTICES.txt */,
				A10000000000000000000008 /* Products */,
			);
			sourceTree = "<group>";
		};
		A10000000000000000000007 /* wooloo */ = {
			isa = PBXGroup;
			children = (
				A10000000000000000000003 /* WoolooApp.swift */,
				A1000000000000000000B104 /* HerdrSetupView.swift */,
				A1000000000000000000B102 /* HerdrRuntime.swift */,
				A10000000000000000000004 /* ContentView.swift */,
				C30000000000000000000063 /* ContentCommands.swift */,
				C30000000000000000000067 /* WorkspaceExplorerModel.swift */,
				C40000000000000000000002 /* WorkspaceFileWatcher.swift */,
				C30000000000000000000071 /* HerdrSettingsModel.swift */,
				A10000000000000000000015 /* HerdrConnection.swift */,
				A10000000000000000000017 /* TerminalPaneView.swift */,
				A10000000000000000000019 /* HerdrSurface.swift */,
				A1D200000000000000000101 /* DisplayColumns.swift */,
				A1D200000000000000000203 /* HerdrTitleTables.swift */,
				A1D200000000000000000201 /* HerdrTitle.swift */,
				A1000000000000000000AC02 /* HerdrAgentView.swift */,
				B20000000000000000000002 /* TerminalPipelineMetrics.swift */,
				A10000000000000000000021 /* HerdrConfig.swift */,
				A10000000000000000000023 /* HerdrSettingsView.swift */,
				A10000000000000000000025 /* HerdrShortcuts.swift */,
				A10000000000000000000027 /* WorkspaceFiles.swift */,
				A10000000000000000000029 /* WorkspaceBrowserView.swift */,
				A10000000000000000000031 /* WorkspaceDocumentView.swift */,
				A1000000000000000000AD06 /* NotebookAssets */,
				A1000000000000000000AD04 /* NotebookPreviewView.swift */,
				A1000000000000000000AE02 /* PDFPreviewView.swift */,
				A1000000000000000000B002 /* ImagePreviewView.swift */,
				A1000000000000000000AD02 /* NotebookDocument.swift */,
				A10000000000000000000039 /* WorkspaceRepositoryView.swift */,
				A10000000000000000000051 /* MarkdownPreviewView.swift */,
				A10000000000000000000049 /* ThemeSettingsView.swift */,
				A10000000000000000000047 /* WoolooTheme.swift */,
				A10000000000000000000045 /* WorkspaceSearchView.swift */,
				A10000000000000000000053 /* WorkspaceGitBar.swift */,
				A1000000000000000000B107 /* WorkspaceBranchPicker.swift */,
				C3000000000000000000005B /* WorkspaceExplorerTree.swift */,
				C30000000000000000000055 /* WorkspaceDocumentStore.swift */,
				A1000000000000000000AF02 /* WorkspaceSessionPersistence.swift */,
				A10000000000000000000055 /* HerdrNotifications.swift */,
				A10000000000000000000057 /* WoolooTypography.swift */,
				A10000000000000000000059 /* WorkspaceDiffView.swift */,
				A1000000000000000000005B /* DocumentFind.swift */,
				A100000000000000000000E1 /* EditorLineChanges.swift */,
				A100000000000000000000F1 /* EditorMultiCursor.swift */,
				A10000000000000000000043 /* WorkspaceSearch.swift */,
				A1000000000000000000005D /* HostStats.swift */,
				A1000000000000000000C202 /* BlockingWork.swift */,
				A1000000000000000000005F /* HostStatsView.swift */,
				A1D100000000000000000101 /* RemoteAccessView.swift */,
				A1D100000000000000000100 /* RemoteAccess.swift */,
				A1000000000000000000C002 /* AppUpdater.swift */,
				A1000000000000000000C006 /* Info.plist */,
				A10000000000000000000F02 /* AgentQuota.swift */,
				A10000000000000000000F04 /* AgentQuotaView.swift */,
				A10000000000000000000F06 /* QuickOpen.swift */,
				A10000000000000000000F08 /* QuickOpenView.swift */,
				A1000000000000000000AB02 /* TabBarControls.swift */,
				A1000000000000000000AB04 /* TerminalTabDrop.swift */,
				A1000000000000000000AB06 /* ContentPanels.swift */,
				A10000000000000000000F0C /* CommandPalette.swift */,
				A10000000000000000000F0E /* CommandPaletteView.swift */,
				A10000000000000000000041 /* Assets.xcassets */,
			);
			path = wooloo;
			sourceTree = "<group>";
		};
		A10000000000000000000008 /* Products */ = {
			isa = PBXGroup;
			children = (
				A10000000000000000000005 /* wooloo.app */,
				B20000000000000000000030 /* woolooTests.xctest */,
			);
			name = Products;
			sourceTree = "<group>";
		};
		B20000000000000000000031 /* woolooTests */ = {
			isa = PBXGroup;
			children = (
				B20000000000000000000010 /* SurfaceFixtures.swift */,
				B20000000000000000000011 /* ReferenceSurfaceDecoder.swift */,
				B20000000000000000000012 /* SurfaceDecodingTests.swift */,
				B20000000000000000000013 /* TerminalRenderHarness.swift */,
				B20000000000000000000014 /* TerminalRenderingTests.swift */,
				B20000000000000000000015 /* TerminalPipelineBenchmarks.swift */,
				B20000000000000000000016 /* WorkspaceFilesBenchmarks.swift */,
				B20000000000000000000017 /* SharedLoadsTests.swift */,
				C30000000000000000000011 /* WorkspaceGitParsingTests.swift */,
				C30000000000000000000013 /* HerdrConfigDocumentTests.swift */,
				C30000000000000000000015 /* HerdrShortcutsTests.swift */,
				C30000000000000000000017 /* ParsedDiffTests.swift */,
				C30000000000000000000019 /* WorkspaceSearchTests.swift */,
				C3000000000000000000001B /* HerdrSnapshotTests.swift */,
				C30000000000000000000021 /* WorkspaceGitSandbox.swift */,
				C30000000000000000000023 /* WorkspaceFilesIntegrationTests.swift */,
				C30000000000000000000025 /* WorkspaceSearchIntegrationTests.swift */,
				C30000000000000000000031 /* FakeHerdrServer.swift */,
				C30000000000000000000033 /* HerdrSocketTests.swift */,
				C3000000000000000000B102 /* HerdrRuntimeTests.swift */,
				C30000000000000000000035 /* WorkspaceFilesRemoteTests.swift */,
				C30000000000000000000061 /* HostStatsTests.swift */,
				C3D100000000000000000100 /* RemoteAccessTests.swift */,
				C30000000000000000000F06 /* AgentQuotaTests.swift */,
				C30000000000000000000F0A /* QuickOpenTests.swift */,
				C3000000000000000000B202 /* BlockingWorkTests.swift */,
				C30000000000000000000F10 /* CommandPaletteTests.swift */,
				C30000000000000000000065 /* ContentCommandsTests.swift */,
				C30000000000000000000069 /* WorkspaceExplorerModelTests.swift */,
				C30000000000000000000073 /* HerdrSettingsModelTests.swift */,
				C30000000000000000000075 /* EditorFindHighlightTests.swift */,
				C30000000000000000000041 /* WorkspaceTreeTests.swift */,
				C30000000000000000000043 /* DocumentFindTests.swift */,
				C300000000000000000000E3 /* EditorLineChangesTests.swift */,
				C300000000000000000000F3 /* EditorMultiCursorTests.swift */,
				C30000000000000000000045 /* HerdrSurfaceStreamTests.swift */,
				C3000000000000000000AC02 /* HerdrAgentViewTests.swift */,
				C30000000000000000000047 /* HerdrNotificationTests.swift */,
				C30000000000000000000049 /* HerdrStoreTests.swift */,
				C300000000000000000000F1 /* TerminalTabDropTests.swift */,
				C300000000000000000000F5 /* ContentPanelsTests.swift */,
				C3000000000000000000005F /* ViewSnapshotTests.swift */,
				C3000000000000000000005D /* WorkspaceExplorerTreeTests.swift */,
				C30000000000000000000059 /* TerminalInputTests.swift */,
				C30000000000000000000057 /* WorkspaceDocumentStoreTests.swift */,
				C3000000000000000000AF02 /* WorkspaceSessionPersistenceTests.swift */,
				C3000000000000000000AD02 /* NotebookTests.swift */,
				C3000000000000000000AE02 /* PDFPreviewTests.swift */,
				C3000000000000000000B002 /* ImagePreviewTests.swift */,
				C30000000000000000000053 /* WorkspaceRepositoryModelTests.swift */,
				C30000000000000000000051 /* WorkspaceGitBarTests.swift */,
				C3000000000000000000004F /* DiffHighlighterTests.swift */,
				C3000000000000000000004D /* WorkspaceSearchModelTests.swift */,
				C3000000000000000000004B /* SurfaceLayersTests.swift */,
			);
			path = woolooTests;
			sourceTree = "<group>";
		};
/* End PBXGroup section */

/* Begin PBXNativeTarget section */
		A10000000000000000000009 /* wooloo */ = {
			isa = PBXNativeTarget;
			buildConfigurationList = A1000000000000000000000D /* Build configuration list for PBXNativeTarget "wooloo" */;
			buildPhases = (
				A1000000000000000000000A /* Sources */,
				A1000000000000000000000B /* Frameworks */,
				A1000000000000000000000C /* Resources */,
				A1000000000000000000B105 /* Bundle Herdr */,
			);
			buildRules = (
			);
			dependencies = (
			);
			name = wooloo;
			packageProductDependencies = (
				A10000000000000000000034 /* CodeEditSourceEditor */,
				A10000000000000000000037 /* CodeEditLanguages */,
				A1000000000000000000004C /* MarkdownView */,
				A1000000000000000000C005 /* Sparkle */,
			);
			productName = wooloo;
			productReference = A10000000000000000000005 /* wooloo.app */;
			productType = "com.apple.product-type.application";
		};
		B20000000000000000000032 /* woolooTests */ = {
			isa = PBXNativeTarget;
			buildConfigurationList = B20000000000000000000038 /* Build configuration list for PBXNativeTarget "woolooTests" */;
			buildPhases = (
				B20000000000000000000033 /* Sources */,
				B20000000000000000000034 /* Frameworks */,
				B20000000000000000000035 /* Resources */,
			);
			buildRules = (
			);
			dependencies = (
				B20000000000000000000037 /* PBXTargetDependency */,
			);
			name = woolooTests;
			productName = woolooTests;
			productReference = B20000000000000000000030 /* woolooTests.xctest */;
			productType = "com.apple.product-type.bundle.unit-test";
		};
/* End PBXNativeTarget section */

/* Begin PBXProject section */
		A1000000000000000000000E /* Project object */ = {
			isa = PBXProject;
			attributes = {
				BuildIndependentTargetsInParallel = 1;
				LastSwiftUpdateCheck = 2660;
				LastUpgradeCheck = 2660;
				TargetAttributes = {
					A10000000000000000000009 = {
						CreatedOnToolsVersion = 26.6;
					};
					B20000000000000000000032 = {
						CreatedOnToolsVersion = 26.6;
						TestTargetID = A10000000000000000000009;
					};
				};
			};
			buildConfigurationList = A1000000000000000000000F /* Build configuration list for PBXProject "wooloo" */;
			compatibilityVersion = "Xcode 14.0";
			developmentRegion = en;
			hasScannedForEncodings = 0;
			knownRegions = (
				en,
				Base,
			);
			mainGroup = A10000000000000000000006;
			packageReferences = (
				A10000000000000000000033 /* XCLocalSwiftPackageReference "CodeEditSourceEditor" */,
				A10000000000000000000036 /* XCRemoteSwiftPackageReference "CodeEditLanguages" */,
				A1000000000000000000004E /* XCLocalSwiftPackageReference "BeautifulMermaid" */,
				A1000000000000000000004B /* XCLocalSwiftPackageReference "MarkdownView" */,
				A1000000000000000000C004 /* XCRemoteSwiftPackageReference "Sparkle" */,
			);
			productRefGroup = A10000000000000000000008 /* Products */;
			projectDirPath = "";
			projectRoot = "";
			targets = (
				A10000000000000000000009 /* wooloo */,
				B20000000000000000000032 /* woolooTests */,
			);
		};
/* End PBXProject section */

/* Begin PBXResourcesBuildPhase section */
		A1000000000000000000000C /* Resources */ = {
			isa = PBXResourcesBuildPhase;
			buildActionMask = 2147483647;
			files = (
				A10000000000000000000040 /* Assets.xcassets in Resources */,
				C30000000000000000000001 /* THIRD_PARTY_NOTICES.txt in Resources */,
				A1000000000000000000AD07 /* NotebookPreview in Resources */,
				A1000000000000000000AD05 /* NotebookAssets in Resources */,
			);
			runOnlyForDeploymentPostprocessing = 0;
		};
		B20000000000000000000035 /* Resources */ = {
			isa = PBXResourcesBuildPhase;
			buildActionMask = 2147483647;
			files = (
			);
			runOnlyForDeploymentPostprocessing = 0;
		};
/* End PBXResourcesBuildPhase section */

/* Begin PBXShellScriptBuildPhase section */
		A1000000000000000000B105 /* Bundle Herdr */ = {
			isa = PBXShellScriptBuildPhase;
			alwaysOutOfDate = 1;
			buildActionMask = 2147483647;
			files = ();
			inputPaths = ("$(SRCROOT)/scripts/bundle-herdr.sh");
			name = "Bundle Herdr";
			outputPaths = ("$(TARGET_BUILD_DIR)/$(CONTENTS_FOLDER_PATH)/Helpers/herdr");
			runOnlyForDeploymentPostprocessing = 0;
			shellPath = /bin/sh;
			shellScript = "sh \"$SRCROOT/scripts/bundle-herdr.sh\"";
		};
/* End PBXShellScriptBuildPhase section */

/* Begin PBXSourcesBuildPhase section */
		A1000000000000000000000A /* Sources */ = {
			isa = PBXSourcesBuildPhase;
			buildActionMask = 2147483647;
			files = (
				A10000000000000000000001 /* WoolooApp.swift in Sources */,
				A1000000000000000000B103 /* HerdrSetupView.swift in Sources */,
				A1000000000000000000B101 /* HerdrRuntime.swift in Sources */,
				A10000000000000000000002 /* ContentView.swift in Sources */,
				C30000000000000000000062 /* ContentCommands.swift in Sources */,
				C30000000000000000000066 /* WorkspaceExplorerModel.swift in Sources */,
				C40000000000000000000001 /* WorkspaceFileWatcher.swift in Sources */,
				C30000000000000000000070 /* HerdrSettingsModel.swift in Sources */,
				A10000000000000000000014 /* HerdrConnection.swift in Sources */,
				A10000000000000000000016 /* TerminalPaneView.swift in Sources */,
				A10000000000000000000018 /* HerdrSurface.swift in Sources */,
				A1D200000000000000000100 /* DisplayColumns.swift in Sources */,
				A1D200000000000000000202 /* HerdrTitleTables.swift in Sources */,
				A1D200000000000000000200 /* HerdrTitle.swift in Sources */,
				A1000000000000000000AC01 /* HerdrAgentView.swift in Sources */,
				B20000000000000000000001 /* TerminalPipelineMetrics.swift in Sources */,
				A10000000000000000000020 /* HerdrConfig.swift in Sources */,
				A10000000000000000000022 /* HerdrSettingsView.swift in Sources */,
				A10000000000000000000024 /* HerdrShortcuts.swift in Sources */,
				A10000000000000000000026 /* WorkspaceFiles.swift in Sources */,
				A10000000000000000000028 /* WorkspaceBrowserView.swift in Sources */,
				A10000000000000000000030 /* WorkspaceDocumentView.swift in Sources */,
				A1000000000000000000AD03 /* NotebookPreviewView.swift in Sources */,
				A1000000000000000000AE01 /* PDFPreviewView.swift in Sources */,
				A1000000000000000000B001 /* ImagePreviewView.swift in Sources */,
				A1000000000000000000AD01 /* NotebookDocument.swift in Sources */,
				A10000000000000000000038 /* WorkspaceRepositoryView.swift in Sources */,
				A10000000000000000000050 /* MarkdownPreviewView.swift in Sources */,
				A10000000000000000000048 /* ThemeSettingsView.swift in Sources */,
				A10000000000000000000046 /* WoolooTheme.swift in Sources */,
				A10000000000000000000044 /* WorkspaceSearchView.swift in Sources */,
				A10000000000000000000052 /* WorkspaceGitBar.swift in Sources */,
				A1000000000000000000B106 /* WorkspaceBranchPicker.swift in Sources */,
				C3000000000000000000005A /* WorkspaceExplorerTree.swift in Sources */,
				C30000000000000000000054 /* WorkspaceDocumentStore.swift in Sources */,
				A1000000000000000000AF01 /* WorkspaceSessionPersistence.swift in Sources */,
				A10000000000000000000054 /* HerdrNotifications.swift in Sources */,
				A10000000000000000000056 /* WoolooTypography.swift in Sources */,
				A10000000000000000000058 /* WorkspaceDiffView.swift in Sources */,
				A1000000000000000000005A /* DocumentFind.swift in Sources */,
				A100000000000000000000E0 /* EditorLineChanges.swift in Sources */,
				A100000000000000000000F0 /* EditorMultiCursor.swift in Sources */,
				A10000000000000000000042 /* WorkspaceSearch.swift in Sources */,
				A1000000000000000000005C /* HostStats.swift in Sources */,
				A1000000000000000000C201 /* BlockingWork.swift in Sources */,
				A1000000000000000000005E /* HostStatsView.swift in Sources */,
				A1D000000000000000000101 /* RemoteAccessView.swift in Sources */,
				A1D000000000000000000100 /* RemoteAccess.swift in Sources */,
				A1000000000000000000C001 /* AppUpdater.swift in Sources */,
				A10000000000000000000F01 /* AgentQuota.swift in Sources */,
				A10000000000000000000F03 /* AgentQuotaView.swift in Sources */,
				A10000000000000000000F05 /* QuickOpen.swift in Sources */,
				A10000000000000000000F07 /* QuickOpenView.swift in Sources */,
				A1000000000000000000AB01 /* TabBarControls.swift in Sources */,
				A1000000000000000000AB03 /* TerminalTabDrop.swift in Sources */,
				A1000000000000000000AB05 /* ContentPanels.swift in Sources */,
				A10000000000000000000F0B /* CommandPalette.swift in Sources */,
				A10000000000000000000F0D /* CommandPaletteView.swift in Sources */,
			);
			runOnlyForDeploymentPostprocessing = 0;
		};
		B20000000000000000000033 /* Sources */ = {
			isa = PBXSourcesBuildPhase;
			buildActionMask = 2147483647;
			files = (
				B20000000000000000000020 /* SurfaceFixtures.swift in Sources */,
				B20000000000000000000021 /* ReferenceSurfaceDecoder.swift in Sources */,
				B20000000000000000000022 /* SurfaceDecodingTests.swift in Sources */,
				B20000000000000000000023 /* TerminalRenderHarness.swift in Sources */,
				B20000000000000000000024 /* TerminalRenderingTests.swift in Sources */,
				B20000000000000000000025 /* TerminalPipelineBenchmarks.swift in Sources */,
				B20000000000000000000026 /* WorkspaceFilesBenchmarks.swift in Sources */,
				B20000000000000000000027 /* SharedLoadsTests.swift in Sources */,
				C30000000000000000000010 /* WorkspaceGitParsingTests.swift in Sources */,
				C30000000000000000000012 /* HerdrConfigDocumentTests.swift in Sources */,
				C30000000000000000000014 /* HerdrShortcutsTests.swift in Sources */,
				C30000000000000000000016 /* ParsedDiffTests.swift in Sources */,
				C30000000000000000000018 /* WorkspaceSearchTests.swift in Sources */,
				C3000000000000000000001A /* HerdrSnapshotTests.swift in Sources */,
				C30000000000000000000020 /* WorkspaceGitSandbox.swift in Sources */,
				C30000000000000000000022 /* WorkspaceFilesIntegrationTests.swift in Sources */,
				C30000000000000000000024 /* WorkspaceSearchIntegrationTests.swift in Sources */,
				C30000000000000000000030 /* FakeHerdrServer.swift in Sources */,
				C30000000000000000000032 /* HerdrSocketTests.swift in Sources */,
				C3000000000000000000B101 /* HerdrRuntimeTests.swift in Sources */,
				C30000000000000000000034 /* WorkspaceFilesRemoteTests.swift in Sources */,
				C30000000000000000000060 /* HostStatsTests.swift in Sources */,
				C3D000000000000000000100 /* RemoteAccessTests.swift in Sources */,
				C30000000000000000000F05 /* AgentQuotaTests.swift in Sources */,
				C30000000000000000000F09 /* QuickOpenTests.swift in Sources */,
				C3000000000000000000B201 /* BlockingWorkTests.swift in Sources */,
				C30000000000000000000F0F /* CommandPaletteTests.swift in Sources */,
				C30000000000000000000064 /* ContentCommandsTests.swift in Sources */,
				C30000000000000000000068 /* WorkspaceExplorerModelTests.swift in Sources */,
				C30000000000000000000072 /* HerdrSettingsModelTests.swift in Sources */,
				C30000000000000000000074 /* EditorFindHighlightTests.swift in Sources */,
				C30000000000000000000040 /* WorkspaceTreeTests.swift in Sources */,
				C30000000000000000000042 /* DocumentFindTests.swift in Sources */,
				C300000000000000000000E2 /* EditorLineChangesTests.swift in Sources */,
				C300000000000000000000F2 /* EditorMultiCursorTests.swift in Sources */,
				C30000000000000000000044 /* HerdrSurfaceStreamTests.swift in Sources */,
				C3000000000000000000AC01 /* HerdrAgentViewTests.swift in Sources */,
				C30000000000000000000046 /* HerdrNotificationTests.swift in Sources */,
				C30000000000000000000048 /* HerdrStoreTests.swift in Sources */,
				C300000000000000000000F0 /* TerminalTabDropTests.swift in Sources */,
				C300000000000000000000F4 /* ContentPanelsTests.swift in Sources */,
				C3000000000000000000005E /* ViewSnapshotTests.swift in Sources */,
				C3000000000000000000005C /* WorkspaceExplorerTreeTests.swift in Sources */,
				C30000000000000000000058 /* TerminalInputTests.swift in Sources */,
				C30000000000000000000056 /* WorkspaceDocumentStoreTests.swift in Sources */,
				C3000000000000000000AF01 /* WorkspaceSessionPersistenceTests.swift in Sources */,
				C3000000000000000000AD01 /* NotebookTests.swift in Sources */,
				C3000000000000000000AE01 /* PDFPreviewTests.swift in Sources */,
				C3000000000000000000B001 /* ImagePreviewTests.swift in Sources */,
				C30000000000000000000052 /* WorkspaceRepositoryModelTests.swift in Sources */,
				C30000000000000000000050 /* WorkspaceGitBarTests.swift in Sources */,
				C3000000000000000000004E /* DiffHighlighterTests.swift in Sources */,
				C3000000000000000000004C /* WorkspaceSearchModelTests.swift in Sources */,
				C3000000000000000000004A /* SurfaceLayersTests.swift in Sources */,
			);
			runOnlyForDeploymentPostprocessing = 0;
		};
/* End PBXSourcesBuildPhase section */

/* Begin PBXFrameworksBuildPhase section */
		A1000000000000000000000B /* Frameworks */ = {
			isa = PBXFrameworksBuildPhase;
			buildActionMask = 2147483647;
			files = (
				A10000000000000000000032 /* CodeEditSourceEditor in Frameworks */,
				A10000000000000000000035 /* CodeEditLanguages in Frameworks */,
				A1000000000000000000004D /* BeautifulMermaid in Frameworks */,
				A1000000000000000000004A /* MarkdownView in Frameworks */,
				A1000000000000000000C003 /* Sparkle in Frameworks */,
			);
			runOnlyForDeploymentPostprocessing = 0;
		};
		B20000000000000000000034 /* Frameworks */ = {
			isa = PBXFrameworksBuildPhase;
			buildActionMask = 2147483647;
			files = (
			);
			runOnlyForDeploymentPostprocessing = 0;
		};
/* End PBXFrameworksBuildPhase section */

/* Begin PBXTargetDependency section */
		B20000000000000000000037 /* PBXTargetDependency */ = {
			isa = PBXTargetDependency;
			target = A10000000000000000000009 /* wooloo */;
			targetProxy = B20000000000000000000036 /* PBXContainerItemProxy */;
		};
/* End PBXTargetDependency section */

/* Begin XCBuildConfiguration section */
		A10000000000000000000010 /* Debug */ = {
			isa = XCBuildConfiguration;
			buildSettings = {
				ALWAYS_SEARCH_USER_PATHS = NO;
				CLANG_ENABLE_MODULES = YES;
				CODE_SIGN_IDENTITY = "-";
				CODE_SIGN_STYLE = Manual;
				DEVELOPMENT_TEAM = "";
				DEBUG_INFORMATION_FORMAT = dwarf;
				MACOSX_DEPLOYMENT_TARGET = 14.0;
				ONLY_ACTIVE_ARCH = YES;
				SDKROOT = macosx;
				SWIFT_VERSION = 5.0;
			};
			name = Debug;
		};
		A10000000000000000000011 /* Release */ = {
			isa = XCBuildConfiguration;
			buildSettings = {
				ALWAYS_SEARCH_USER_PATHS = NO;
				CLANG_ENABLE_MODULES = YES;
				CODE_SIGN_IDENTITY = "-";
				CODE_SIGN_STYLE = Manual;
				DEVELOPMENT_TEAM = "";
				DEBUG_INFORMATION_FORMAT = "dwarf-with-dsym";
				MACOSX_DEPLOYMENT_TARGET = 14.0;
				SDKROOT = macosx;
				SWIFT_COMPILATION_MODE = wholemodule;
				SWIFT_VERSION = 5.0;
			};
			name = Release;
		};
		A10000000000000000000012 /* Debug */ = {
			isa = XCBuildConfiguration;
			buildSettings = {
				ASSETCATALOG_COMPILER_APPICON_NAME = AppIcon;
				CURRENT_PROJECT_VERSION = "$(MARKETING_VERSION)";
				ENABLE_TESTABILITY = YES;
				GENERATE_INFOPLIST_FILE = YES;
				INFOPLIST_FILE = wooloo/Info.plist;
				INFOPLIST_KEY_LSApplicationCategoryType = "public.app-category.developer-tools";
				LD_RUNPATH_SEARCH_PATHS = (
					"$(inherited)",
					"@executable_path/../Frameworks",
				);
				MARKETING_VERSION = 0.1.0;
				PRODUCT_BUNDLE_IDENTIFIER = dev.wooloo.app;
				PRODUCT_NAME = "$(TARGET_NAME)";
				SWIFT_EMIT_LOC_STRINGS = YES;
				SWIFT_VERSION = 5.0;
			};
			name = Debug;
		};
		A10000000000000000000013 /* Release */ = {
			isa = XCBuildConfiguration;
			buildSettings = {
				ASSETCATALOG_COMPILER_APPICON_NAME = AppIcon;
				CURRENT_PROJECT_VERSION = "$(MARKETING_VERSION)";
				GENERATE_INFOPLIST_FILE = YES;
				INFOPLIST_FILE = wooloo/Info.plist;
				INFOPLIST_KEY_LSApplicationCategoryType = "public.app-category.developer-tools";
				LD_RUNPATH_SEARCH_PATHS = (
					"$(inherited)",
					"@executable_path/../Frameworks",
				);
				MARKETING_VERSION = 0.1.0;
				PRODUCT_BUNDLE_IDENTIFIER = dev.wooloo.app;
				PRODUCT_NAME = "$(TARGET_NAME)";
				SWIFT_ACTIVE_COMPILATION_CONDITIONS = "$(inherited) WOOLOO_UPDATES";
				SWIFT_EMIT_LOC_STRINGS = YES;
				SWIFT_VERSION = 5.0;
			};
			name = Release;
		};
		B20000000000000000000039 /* Debug */ = {
			isa = XCBuildConfiguration;
			buildSettings = {
				BUNDLE_LOADER = "$(TEST_HOST)";
				GENERATE_INFOPLIST_FILE = YES;
				PRODUCT_BUNDLE_IDENTIFIER = dev.wooloo.tests;
				PRODUCT_NAME = "$(TARGET_NAME)";
				SWIFT_VERSION = 5.0;
				TEST_HOST = "$(BUILT_PRODUCTS_DIR)/wooloo.app/Contents/MacOS/wooloo";
			};
			name = Debug;
		};
		B2000000000000000000003A /* Release */ = {
			isa = XCBuildConfiguration;
			buildSettings = {
				BUNDLE_LOADER = "$(TEST_HOST)";
				GENERATE_INFOPLIST_FILE = YES;
				PRODUCT_BUNDLE_IDENTIFIER = dev.wooloo.tests;
				PRODUCT_NAME = "$(TARGET_NAME)";
				SWIFT_VERSION = 5.0;
				TEST_HOST = "$(BUILT_PRODUCTS_DIR)/wooloo.app/Contents/MacOS/wooloo";
			};
			name = Release;
		};
/* End XCBuildConfiguration section */

/* Begin XCConfigurationList section */
		A1000000000000000000000D /* Build configuration list for PBXNativeTarget "wooloo" */ = {
			isa = XCConfigurationList;
			buildConfigurations = (
				A10000000000000000000012 /* Debug */,
				A10000000000000000000013 /* Release */,
			);
			defaultConfigurationIsVisible = 0;
			defaultConfigurationName = Debug;
		};
		A1000000000000000000000F /* Build configuration list for PBXProject "wooloo" */ = {
			isa = XCConfigurationList;
			buildConfigurations = (
				A10000000000000000000010 /* Debug */,
				A10000000000000000000011 /* Release */,
			);
			defaultConfigurationIsVisible = 0;
			defaultConfigurationName = Debug;
		};
		B20000000000000000000038 /* Build configuration list for PBXNativeTarget "woolooTests" */ = {
			isa = XCConfigurationList;
			buildConfigurations = (
				B20000000000000000000039 /* Debug */,
				B2000000000000000000003A /* Release */,
			);
			defaultConfigurationIsVisible = 0;
			defaultConfigurationName = Debug;
		};
/* End XCConfigurationList section */

/* Begin XCLocalSwiftPackageReference section */
		A10000000000000000000033 /* XCLocalSwiftPackageReference "CodeEditSourceEditor" */ = {
			isa = XCLocalSwiftPackageReference;
			relativePath = Vendor/CodeEditSourceEditor;
		};
		A1000000000000000000004B /* XCLocalSwiftPackageReference "MarkdownView" */ = {
			isa = XCLocalSwiftPackageReference;
			relativePath = Vendor/MarkdownView;
		};
		A1000000000000000000004E /* XCLocalSwiftPackageReference "BeautifulMermaid" */ = {
			isa = XCLocalSwiftPackageReference;
			relativePath = Vendor/BeautifulMermaid;
		};
/* End XCLocalSwiftPackageReference section */

/* Begin XCRemoteSwiftPackageReference section */
		A10000000000000000000036 /* XCRemoteSwiftPackageReference "CodeEditLanguages" */ = {
			isa = XCRemoteSwiftPackageReference;
			repositoryURL = "https://github.com/CodeEditApp/CodeEditLanguages.git";
			requirement = {
				kind = exactVersion;
				version = 0.1.20;
			};
		};
		A1000000000000000000C004 /* XCRemoteSwiftPackageReference "Sparkle" */ = {
			isa = XCRemoteSwiftPackageReference;
			repositoryURL = "https://github.com/sparkle-project/Sparkle";
			requirement = {
				kind = exactVersion;
				version = 2.10.0;
			};
		};
/* End XCRemoteSwiftPackageReference section */

/* Begin XCSwiftPackageProductDependency section */
		A10000000000000000000034 /* CodeEditSourceEditor */ = {
			isa = XCSwiftPackageProductDependency;
			package = A10000000000000000000033 /* XCLocalSwiftPackageReference "CodeEditSourceEditor" */;
			productName = CodeEditSourceEditor;
		};
		A10000000000000000000037 /* CodeEditLanguages */ = {
			isa = XCSwiftPackageProductDependency;
			package = A10000000000000000000036 /* XCRemoteSwiftPackageReference "CodeEditLanguages" */;
			productName = CodeEditLanguages;
		};
		A1000000000000000000004C /* MarkdownView */ = {
			isa = XCSwiftPackageProductDependency;
			package = A1000000000000000000004B /* XCLocalSwiftPackageReference "MarkdownView" */;
			productName = MarkdownView;
		};
		A1000000000000000000004F /* BeautifulMermaid */ = {
			isa = XCSwiftPackageProductDependency;
			package = A1000000000000000000004E /* XCLocalSwiftPackageReference "BeautifulMermaid" */;
			productName = BeautifulMermaid;
		};
		A1000000000000000000C005 /* Sparkle */ = {
			isa = XCSwiftPackageProductDependency;
			package = A1000000000000000000C004 /* XCRemoteSwiftPackageReference "Sparkle" */;
			productName = Sparkle;
		};
/* End XCSwiftPackageProductDependency section */
	};
	rootObject = A1000000000000000000000E /* Project object */;
}
