// !$*UTF8*$!
{
	archiveVersion = 1;
	classes = {
	};
	objectVersion = 56;
	objects = {

/* Begin PBXBuildFile section */
		A10000000000000000000001 /* XherdrApp.swift in Sources */ = {isa = PBXBuildFile; fileRef = A10000000000000000000003 /* XherdrApp.swift */; };
		A10000000000000000000002 /* ContentView.swift in Sources */ = {isa = PBXBuildFile; fileRef = A10000000000000000000004 /* ContentView.swift */; };
		A10000000000000000000014 /* HerdrConnection.swift in Sources */ = {isa = PBXBuildFile; fileRef = A10000000000000000000015 /* HerdrConnection.swift */; };
		A10000000000000000000016 /* TerminalPaneView.swift in Sources */ = {isa = PBXBuildFile; fileRef = A10000000000000000000017 /* TerminalPaneView.swift */; };
		A10000000000000000000018 /* HerdrSurface.swift in Sources */ = {isa = PBXBuildFile; fileRef = A10000000000000000000019 /* HerdrSurface.swift */; };
		A10000000000000000000020 /* HerdrConfig.swift in Sources */ = {isa = PBXBuildFile; fileRef = A10000000000000000000021 /* HerdrConfig.swift */; };
		A10000000000000000000022 /* HerdrSettingsView.swift in Sources */ = {isa = PBXBuildFile; fileRef = A10000000000000000000023 /* HerdrSettingsView.swift */; };
		A10000000000000000000024 /* HerdrShortcuts.swift in Sources */ = {isa = PBXBuildFile; fileRef = A10000000000000000000025 /* HerdrShortcuts.swift */; };
		A10000000000000000000026 /* WorkspaceFiles.swift in Sources */ = {isa = PBXBuildFile; fileRef = A10000000000000000000027 /* WorkspaceFiles.swift */; };
		A10000000000000000000028 /* WorkspaceBrowserView.swift in Sources */ = {isa = PBXBuildFile; fileRef = A10000000000000000000029 /* WorkspaceBrowserView.swift */; };
		A10000000000000000000030 /* WorkspaceDocumentView.swift in Sources */ = {isa = PBXBuildFile; fileRef = A10000000000000000000031 /* WorkspaceDocumentView.swift */; };
		A10000000000000000000038 /* WorkspaceRepositoryView.swift in Sources */ = {isa = PBXBuildFile; fileRef = A10000000000000000000039 /* WorkspaceRepositoryView.swift */; };
		A10000000000000000000050 /* MarkdownPreviewView.swift in Sources */ = {isa = PBXBuildFile; fileRef = A10000000000000000000051 /* MarkdownPreviewView.swift */; };
		A10000000000000000000048 /* ThemeSettingsView.swift in Sources */ = {isa = PBXBuildFile; fileRef = A10000000000000000000049 /* ThemeSettingsView.swift */; };
		A10000000000000000000046 /* XherdrTheme.swift in Sources */ = {isa = PBXBuildFile; fileRef = A10000000000000000000047 /* XherdrTheme.swift */; };
		A10000000000000000000044 /* WorkspaceSearchView.swift in Sources */ = {isa = PBXBuildFile; fileRef = A10000000000000000000045 /* WorkspaceSearchView.swift */; };
		A10000000000000000000052 /* WorkspaceGitBar.swift in Sources */ = {isa = PBXBuildFile; fileRef = A10000000000000000000053 /* WorkspaceGitBar.swift */; };
		A10000000000000000000054 /* HerdrNotifications.swift in Sources */ = {isa = PBXBuildFile; fileRef = A10000000000000000000055 /* HerdrNotifications.swift */; };
		A10000000000000000000056 /* XherdrTypography.swift in Sources */ = {isa = PBXBuildFile; fileRef = A10000000000000000000057 /* XherdrTypography.swift */; };
		A10000000000000000000042 /* WorkspaceSearch.swift in Sources */ = {isa = PBXBuildFile; fileRef = A10000000000000000000043 /* WorkspaceSearch.swift */; };
		A10000000000000000000040 /* Assets.xcassets in Resources */ = {isa = PBXBuildFile; fileRef = A10000000000000000000041 /* Assets.xcassets */; };
		A10000000000000000000032 /* CodeEditSourceEditor in Frameworks */ = {isa = PBXBuildFile; productRef = A10000000000000000000034 /* CodeEditSourceEditor */; };
		A10000000000000000000035 /* CodeEditLanguages in Frameworks */ = {isa = PBXBuildFile; productRef = A10000000000000000000037 /* CodeEditLanguages */; };
		A1000000000000000000004D /* BeautifulMermaid in Frameworks */ = {isa = PBXBuildFile; productRef = A1000000000000000000004F /* BeautifulMermaid */; };
		A1000000000000000000004A /* MarkdownView in Frameworks */ = {isa = PBXBuildFile; productRef = A1000000000000000000004C /* MarkdownView */; };
/* End PBXBuildFile section */

/* Begin PBXFileReference section */
		A10000000000000000000003 /* XherdrApp.swift */ = {isa = PBXFileReference; lastKnownFileType = sourcecode.swift; path = XherdrApp.swift; sourceTree = "<group>"; };
		A10000000000000000000004 /* ContentView.swift */ = {isa = PBXFileReference; lastKnownFileType = sourcecode.swift; path = ContentView.swift; sourceTree = "<group>"; };
		A10000000000000000000015 /* HerdrConnection.swift */ = {isa = PBXFileReference; lastKnownFileType = sourcecode.swift; path = HerdrConnection.swift; sourceTree = "<group>"; };
		A10000000000000000000017 /* TerminalPaneView.swift */ = {isa = PBXFileReference; lastKnownFileType = sourcecode.swift; path = TerminalPaneView.swift; sourceTree = "<group>"; };
		A10000000000000000000019 /* HerdrSurface.swift */ = {isa = PBXFileReference; lastKnownFileType = sourcecode.swift; path = HerdrSurface.swift; sourceTree = "<group>"; };
		A10000000000000000000021 /* HerdrConfig.swift */ = {isa = PBXFileReference; lastKnownFileType = sourcecode.swift; path = HerdrConfig.swift; sourceTree = "<group>"; };
		A10000000000000000000023 /* HerdrSettingsView.swift */ = {isa = PBXFileReference; lastKnownFileType = sourcecode.swift; path = HerdrSettingsView.swift; sourceTree = "<group>"; };
		A10000000000000000000025 /* HerdrShortcuts.swift */ = {isa = PBXFileReference; lastKnownFileType = sourcecode.swift; path = HerdrShortcuts.swift; sourceTree = "<group>"; };
		A10000000000000000000027 /* WorkspaceFiles.swift */ = {isa = PBXFileReference; lastKnownFileType = sourcecode.swift; path = WorkspaceFiles.swift; sourceTree = "<group>"; };
		A10000000000000000000029 /* WorkspaceBrowserView.swift */ = {isa = PBXFileReference; lastKnownFileType = sourcecode.swift; path = WorkspaceBrowserView.swift; sourceTree = "<group>"; };
		A10000000000000000000031 /* WorkspaceDocumentView.swift */ = {isa = PBXFileReference; lastKnownFileType = sourcecode.swift; path = WorkspaceDocumentView.swift; sourceTree = "<group>"; };
		A10000000000000000000039 /* WorkspaceRepositoryView.swift */ = {isa = PBXFileReference; lastKnownFileType = sourcecode.swift; path = WorkspaceRepositoryView.swift; sourceTree = "<group>"; };
		A10000000000000000000051 /* MarkdownPreviewView.swift */ = {isa = PBXFileReference; lastKnownFileType = sourcecode.swift; path = MarkdownPreviewView.swift; sourceTree = "<group>"; };
		A10000000000000000000049 /* ThemeSettingsView.swift */ = {isa = PBXFileReference; lastKnownFileType = sourcecode.swift; path = ThemeSettingsView.swift; sourceTree = "<group>"; };
		A10000000000000000000047 /* XherdrTheme.swift */ = {isa = PBXFileReference; lastKnownFileType = sourcecode.swift; path = XherdrTheme.swift; sourceTree = "<group>"; };
		A10000000000000000000045 /* WorkspaceSearchView.swift */ = {isa = PBXFileReference; lastKnownFileType = sourcecode.swift; path = WorkspaceSearchView.swift; sourceTree = "<group>"; };
		A10000000000000000000053 /* WorkspaceGitBar.swift */ = {isa = PBXFileReference; lastKnownFileType = sourcecode.swift; path = WorkspaceGitBar.swift; sourceTree = "<group>"; };
		A10000000000000000000055 /* HerdrNotifications.swift */ = {isa = PBXFileReference; lastKnownFileType = sourcecode.swift; path = HerdrNotifications.swift; sourceTree = "<group>"; };
		A10000000000000000000057 /* XherdrTypography.swift */ = {isa = PBXFileReference; lastKnownFileType = sourcecode.swift; path = XherdrTypography.swift; sourceTree = "<group>"; };
		A10000000000000000000043 /* WorkspaceSearch.swift */ = {isa = PBXFileReference; lastKnownFileType = sourcecode.swift; path = WorkspaceSearch.swift; sourceTree = "<group>"; };
		A10000000000000000000041 /* Assets.xcassets */ = {isa = PBXFileReference; lastKnownFileType = folder.assetcatalog; path = Assets.xcassets; sourceTree = "<group>"; };
		A10000000000000000000005 /* xherdr.app */ = {isa = PBXFileReference; explicitFileType = wrapper.application; includeInIndex = 0; path = xherdr.app; sourceTree = BUILT_PRODUCTS_DIR; };
/* End PBXFileReference section */

/* Begin PBXGroup section */
		A10000000000000000000006 = {
			isa = PBXGroup;
			children = (
				A10000000000000000000007 /* xherdr */,
				A10000000000000000000008 /* Products */,
			);
			sourceTree = "<group>";
		};
		A10000000000000000000007 /* xherdr */ = {
			isa = PBXGroup;
			children = (
				A10000000000000000000003 /* XherdrApp.swift */,
				A10000000000000000000004 /* ContentView.swift */,
				A10000000000000000000015 /* HerdrConnection.swift */,
				A10000000000000000000017 /* TerminalPaneView.swift */,
				A10000000000000000000019 /* HerdrSurface.swift */,
				A10000000000000000000021 /* HerdrConfig.swift */,
				A10000000000000000000023 /* HerdrSettingsView.swift */,
				A10000000000000000000025 /* HerdrShortcuts.swift */,
				A10000000000000000000027 /* WorkspaceFiles.swift */,
				A10000000000000000000029 /* WorkspaceBrowserView.swift */,
				A10000000000000000000031 /* WorkspaceDocumentView.swift */,
				A10000000000000000000039 /* WorkspaceRepositoryView.swift */,
				A10000000000000000000051 /* MarkdownPreviewView.swift */,
				A10000000000000000000049 /* ThemeSettingsView.swift */,
				A10000000000000000000047 /* XherdrTheme.swift */,
				A10000000000000000000045 /* WorkspaceSearchView.swift */,
				A10000000000000000000053 /* WorkspaceGitBar.swift */,
				A10000000000000000000055 /* HerdrNotifications.swift */,
				A10000000000000000000057 /* XherdrTypography.swift */,
				A10000000000000000000043 /* WorkspaceSearch.swift */,
				A10000000000000000000041 /* Assets.xcassets */,
			);
			path = xherdr;
			sourceTree = "<group>";
		};
		A10000000000000000000008 /* Products */ = {
			isa = PBXGroup;
			children = (
				A10000000000000000000005 /* xherdr.app */,
			);
			name = Products;
			sourceTree = "<group>";
		};
/* End PBXGroup section */

/* Begin PBXNativeTarget section */
		A10000000000000000000009 /* xherdr */ = {
			isa = PBXNativeTarget;
			buildConfigurationList = A1000000000000000000000D /* Build configuration list for PBXNativeTarget "xherdr" */;
			buildPhases = (
				A1000000000000000000000A /* Sources */,
				A1000000000000000000000B /* Frameworks */,
				A1000000000000000000000C /* Resources */,
			);
			buildRules = (
			);
			dependencies = (
			);
			name = xherdr;
			packageProductDependencies = (
				A10000000000000000000034 /* CodeEditSourceEditor */,
				A10000000000000000000037 /* CodeEditLanguages */,
				A1000000000000000000004C /* MarkdownView */,
			);
			productName = xherdr;
			productReference = A10000000000000000000005 /* xherdr.app */;
			productType = "com.apple.product-type.application";
		};
/* End PBXNativeTarget section */

/* Begin PBXProject section */
		A1000000000000000000000E /* Project object */ = {
			isa = PBXProject;
			attributes = {
				BuildIndependentTargetsInParallel = 1;
				LastSwiftUpdateCheck = 2660;
				LastUpgradeCheck = 2660;
				TargetAttributes = {
					A10000000000000000000009 = {
						CreatedOnToolsVersion = 26.6;
					};
				};
			};
			buildConfigurationList = A1000000000000000000000F /* Build configuration list for PBXProject "xherdr" */;
			compatibilityVersion = "Xcode 14.0";
			developmentRegion = en;
			hasScannedForEncodings = 0;
			knownRegions = (
				en,
				Base,
			);
			mainGroup = A10000000000000000000006;
			packageReferences = (
				A10000000000000000000033 /* XCLocalSwiftPackageReference "CodeEditSourceEditor" */,
				A10000000000000000000036 /* XCRemoteSwiftPackageReference "CodeEditLanguages" */,
				A1000000000000000000004E /* XCLocalSwiftPackageReference "BeautifulMermaid" */,
				A1000000000000000000004B /* XCLocalSwiftPackageReference "MarkdownView" */,
			);
			productRefGroup = A10000000000000000000008 /* Products */;
			projectDirPath = "";
			projectRoot = "";
			targets = (
				A10000000000000000000009 /* xherdr */,
			);
		};
/* End PBXProject section */

/* Begin PBXResourcesBuildPhase section */
		A1000000000000000000000C /* Resources */ = {
			isa = PBXResourcesBuildPhase;
			buildActionMask = 2147483647;
			files = (
				A10000000000000000000040 /* Assets.xcassets in Resources */,
			);
			runOnlyForDeploymentPostprocessing = 0;
		};
/* End PBXResourcesBuildPhase section */

/* Begin PBXSourcesBuildPhase section */
		A1000000000000000000000A /* Sources */ = {
			isa = PBXSourcesBuildPhase;
			buildActionMask = 2147483647;
			files = (
				A10000000000000000000001 /* XherdrApp.swift in Sources */,
				A10000000000000000000002 /* ContentView.swift in Sources */,
				A10000000000000000000014 /* HerdrConnection.swift in Sources */,
				A10000000000000000000016 /* TerminalPaneView.swift in Sources */,
				A10000000000000000000018 /* HerdrSurface.swift in Sources */,
				A10000000000000000000020 /* HerdrConfig.swift in Sources */,
				A10000000000000000000022 /* HerdrSettingsView.swift in Sources */,
				A10000000000000000000024 /* HerdrShortcuts.swift in Sources */,
				A10000000000000000000026 /* WorkspaceFiles.swift in Sources */,
				A10000000000000000000028 /* WorkspaceBrowserView.swift in Sources */,
				A10000000000000000000030 /* WorkspaceDocumentView.swift in Sources */,
				A10000000000000000000038 /* WorkspaceRepositoryView.swift in Sources */,
				A10000000000000000000050 /* MarkdownPreviewView.swift in Sources */,
				A10000000000000000000048 /* ThemeSettingsView.swift in Sources */,
				A10000000000000000000046 /* XherdrTheme.swift in Sources */,
				A10000000000000000000044 /* WorkspaceSearchView.swift in Sources */,
				A10000000000000000000052 /* WorkspaceGitBar.swift in Sources */,
				A10000000000000000000054 /* HerdrNotifications.swift in Sources */,
				A10000000000000000000056 /* XherdrTypography.swift in Sources */,
				A10000000000000000000042 /* WorkspaceSearch.swift in Sources */,
			);
			runOnlyForDeploymentPostprocessing = 0;
		};
/* End PBXSourcesBuildPhase section */

/* Begin PBXFrameworksBuildPhase section */
		A1000000000000000000000B /* Frameworks */ = {
			isa = PBXFrameworksBuildPhase;
			buildActionMask = 2147483647;
			files = (
				A10000000000000000000032 /* CodeEditSourceEditor in Frameworks */,
				A10000000000000000000035 /* CodeEditLanguages in Frameworks */,
				A1000000000000000000004D /* BeautifulMermaid in Frameworks */,
				A1000000000000000000004A /* MarkdownView in Frameworks */,
			);
			runOnlyForDeploymentPostprocessing = 0;
		};
/* End PBXFrameworksBuildPhase section */

/* Begin XCBuildConfiguration section */
		A10000000000000000000010 /* Debug */ = {
			isa = XCBuildConfiguration;
			buildSettings = {
				ALWAYS_SEARCH_USER_PATHS = NO;
				CLANG_ENABLE_MODULES = YES;
				CODE_SIGN_STYLE = Automatic;
				DEBUG_INFORMATION_FORMAT = dwarf;
				MACOSX_DEPLOYMENT_TARGET = 14.0;
				SDKROOT = macosx;
				SWIFT_VERSION = 5.0;
			};
			name = Debug;
		};
		A10000000000000000000011 /* Release */ = {
			isa = XCBuildConfiguration;
			buildSettings = {
				ALWAYS_SEARCH_USER_PATHS = NO;
				CLANG_ENABLE_MODULES = YES;
				CODE_SIGN_STYLE = Automatic;
				DEBUG_INFORMATION_FORMAT = "dwarf-with-dsym";
				MACOSX_DEPLOYMENT_TARGET = 14.0;
				SDKROOT = macosx;
				SWIFT_COMPILATION_MODE = wholemodule;
				SWIFT_VERSION = 5.0;
			};
			name = Release;
		};
		A10000000000000000000012 /* Debug */ = {
			isa = XCBuildConfiguration;
			buildSettings = {
				ASSETCATALOG_COMPILER_APPICON_NAME = AppIcon;
				GENERATE_INFOPLIST_FILE = YES;
				INFOPLIST_KEY_LSApplicationCategoryType = "public.app-category.developer-tools";
				PRODUCT_BUNDLE_IDENTIFIER = dev.xherdr.app;
				PRODUCT_NAME = "$(TARGET_NAME)";
				SWIFT_EMIT_LOC_STRINGS = YES;
				SWIFT_VERSION = 5.0;
			};
			name = Debug;
		};
		A10000000000000000000013 /* Release */ = {
			isa = XCBuildConfiguration;
			buildSettings = {
				ASSETCATALOG_COMPILER_APPICON_NAME = AppIcon;
				GENERATE_INFOPLIST_FILE = YES;
				INFOPLIST_KEY_LSApplicationCategoryType = "public.app-category.developer-tools";
				PRODUCT_BUNDLE_IDENTIFIER = dev.xherdr.app;
				PRODUCT_NAME = "$(TARGET_NAME)";
				SWIFT_EMIT_LOC_STRINGS = YES;
				SWIFT_VERSION = 5.0;
			};
			name = Release;
		};
/* End XCBuildConfiguration section */

/* Begin XCConfigurationList section */
		A1000000000000000000000D /* Build configuration list for PBXNativeTarget "xherdr" */ = {
			isa = XCConfigurationList;
			buildConfigurations = (
				A10000000000000000000012 /* Debug */,
				A10000000000000000000013 /* Release */,
			);
			defaultConfigurationIsVisible = 0;
			defaultConfigurationName = Debug;
		};
		A1000000000000000000000F /* Build configuration list for PBXProject "xherdr" */ = {
			isa = XCConfigurationList;
			buildConfigurations = (
				A10000000000000000000010 /* Debug */,
				A10000000000000000000011 /* Release */,
			);
			defaultConfigurationIsVisible = 0;
			defaultConfigurationName = Debug;
		};
/* End XCConfigurationList section */

/* Begin XCLocalSwiftPackageReference section */
		A10000000000000000000033 /* XCLocalSwiftPackageReference "CodeEditSourceEditor" */ = {
			isa = XCLocalSwiftPackageReference;
			relativePath = Vendor/CodeEditSourceEditor;
		};
		A1000000000000000000004B /* XCLocalSwiftPackageReference "MarkdownView" */ = {
			isa = XCLocalSwiftPackageReference;
			relativePath = Vendor/MarkdownView;
		};
		A1000000000000000000004E /* XCLocalSwiftPackageReference "BeautifulMermaid" */ = {
			isa = XCLocalSwiftPackageReference;
			relativePath = Vendor/BeautifulMermaid;
		};
/* End XCLocalSwiftPackageReference section */

/* Begin XCRemoteSwiftPackageReference section */
		A10000000000000000000036 /* XCRemoteSwiftPackageReference "CodeEditLanguages" */ = {
			isa = XCRemoteSwiftPackageReference;
			repositoryURL = "https://github.com/CodeEditApp/CodeEditLanguages.git";
			requirement = {
				kind = exactVersion;
				version = 0.1.20;
			};
		};
/* End XCRemoteSwiftPackageReference section */

/* Begin XCSwiftPackageProductDependency section */
		A10000000000000000000034 /* CodeEditSourceEditor */ = {
			isa = XCSwiftPackageProductDependency;
			package = A10000000000000000000033 /* XCLocalSwiftPackageReference "CodeEditSourceEditor" */;
			productName = CodeEditSourceEditor;
		};
		A10000000000000000000037 /* CodeEditLanguages */ = {
			isa = XCSwiftPackageProductDependency;
			package = A10000000000000000000036 /* XCRemoteSwiftPackageReference "CodeEditLanguages" */;
			productName = CodeEditLanguages;
		};
		A1000000000000000000004C /* MarkdownView */ = {
			isa = XCSwiftPackageProductDependency;
			package = A1000000000000000000004B /* XCLocalSwiftPackageReference "MarkdownView" */;
			productName = MarkdownView;
		};
		A1000000000000000000004F /* BeautifulMermaid */ = {
			isa = XCSwiftPackageProductDependency;
			package = A1000000000000000000004E /* XCLocalSwiftPackageReference "BeautifulMermaid" */;
			productName = BeautifulMermaid;
		};
/* End XCSwiftPackageProductDependency section */
	};
	rootObject = A1000000000000000000000E /* Project object */;
}
